// !$*UTF8*$!
{
	archiveVersion = 1;
	classes = {
	};
	objectVersion = 46;
	objects = {

/* Begin PBXBuildFile section */
		038BF5F78328C5E09B8B98A6 /* libPods.a in Frameworks */ = {isa = PBXBuildFile; fileRef = 00E94AED93A33FBF44252FC7 /* libPods.a */; };
		76037CCF1CBF8B4F00D72AA7 /* main.m in Sources */ = {isa = PBXBuildFile; fileRef = 76037CCE1CBF8B4F00D72AA7 /* main.m */; };
		76037CD21CBF8B4F00D72AA7 /* AppDelegate.m in Sources */ = {isa = PBXBuildFile; fileRef = 76037CD11CBF8B4F00D72AA7 /* AppDelegate.m */; };
		76037CD51CBF8B4F00D72AA7 /* ViewController.m in Sources */ = {isa = PBXBuildFile; fileRef = 76037CD41CBF8B4F00D72AA7 /* ViewController.m */; };
		76037CD81CBF8B4F00D72AA7 /* Main.storyboard in Resources */ = {isa = PBXBuildFile; fileRef = 76037CD61CBF8B4F00D72AA7 /* Main.storyboard */; };
		76037CDA1CBF8B4F00D72AA7 /* Assets.xcassets in Resources */ = {isa = PBXBuildFile; fileRef = 76037CD91CBF8B4F00D72AA7 /* Assets.xcassets */; };
		76037CDD1CBF8B4F00D72AA7 /* LaunchScreen.storyboard in Resources */ = {isa = PBXBuildFile; fileRef = 76037CDB1CBF8B4F00D72AA7 /* LaunchScreen.storyboard */; };
		76037CE81CBF8B4F00D72AA7 /* IndianaTests.m in Sources */ = {isa = PBXBuildFile; fileRef = 76037CE71CBF8B4F00D72AA7 /* IndianaTests.m */; };
		76037CF31CBF8B4F00D72AA7 /* IndianaUITests.m in Sources */ = {isa = PBXBuildFile; fileRef = 76037CF21CBF8B4F00D72AA7 /* IndianaUITests.m */; };
/* End PBXBuildFile section */

/* Begin PBXContainerItemProxy section */
		76037CE41CBF8B4F00D72AA7 /* PBXContainerItemProxy */ = {
			isa = PBXContainerItemProxy;
			containerPortal = 76037CC21CBF8B4F00D72AA7 /* Project object */;
			proxyType = 1;
			remoteGlobalIDString = 76037CC91CBF8B4F00D72AA7;
			remoteInfo = Indiana;
		};
		76037CEF1CBF8B4F00D72AA7 /* PBXContainerItemProxy */ = {
			isa = PBXContainerItemProxy;
			containerPortal = 76037CC21CBF8B4F00D72AA7 /* Project object */;
			proxyType = 1;
			remoteGlobalIDString = 76037CC91CBF8B4F00D72AA7;
			remoteInfo = Indiana;
		};
/* End PBXContainerItemProxy section */

/* Begin PBXFileReference section */
		00E94AED93A33FBF44252FC7 /* libPods.a */ = {isa = PBXFileReference; explicitFileType = archive.ar; includeInIndex = 0; path = libPods.a; sourceTree = BUILT_PRODUCTS_DIR; };
		459905CD53B2FB9E55E4B624 /* Pods.debug.xcconfig */ = {isa = PBXFileReference; includeInIndex = 1; lastKnownFileType = text.xcconfig; name = Pods.debug.xcconfig; path = "Pods/Target Support Files/Pods/Pods.debug.xcconfig"; sourceTree = "<group>"; };
		76037CCA1CBF8B4F00D72AA7 /* Indiana.app */ = {isa = PBXFileReference; explicitFileType = wrapper.application; includeInIndex = 0; path = Indiana.app; sourceTree = BUILT_PRODUCTS_DIR; };
		76037CCE1CBF8B4F00D72AA7 /* main.m */ = {isa = PBXFileReference; lastKnownFileType = sourcecode.c.objc; path = main.m; sourceTree = "<group>"; };
		76037CD01CBF8B4F00D72AA7 /* AppDelegate.h */ = {isa = PBXFileReference; lastKnownFileType = sourcecode.c.h; path = AppDelegate.h; sourceTree = "<group>"; };
		76037CD11CBF8B4F00D72AA7 /* AppDelegate.m */ = {isa = PBXFileReference; lastKnownFileType = sourcecode.c.objc; path = AppDelegate.m; sourceTree = "<group>"; };
		76037CD31CBF8B4F00D72AA7 /* ViewController.h */ = {isa = PBXFileReference; lastKnownFileType = sourcecode.c.h; path = ViewController.h; sourceTree = "<group>"; };
		76037CD41CBF8B4F00D72AA7 /* ViewController.m */ = {isa = PBXFileReference; lastKnownFileType = sourcecode.c.objc; path = ViewController.m; sourceTree = "<group>"; };
		76037CD71CBF8B4F00D72AA7 /* Base */ = {isa = PBXFileReference; lastKnownFileType = file.storyboard; name = Base; path = Base.lproj/Main.storyboard; sourceTree = "<group>"; };
		76037CD91CBF8B4F00D72AA7 /* Assets.xcassets */ = {isa = PBXFileReference; lastKnownFileType = folder.assetcatalog; path = Assets.xcassets; sourceTree = "<group>"; };
		76037CDC1CBF8B4F00D72AA7 /* Base */ = {isa = PBXFileReference; lastKnownFileType = file.storyboard; name = Base; path = Base.lproj/LaunchScreen.storyboard; sourceTree = "<group>"; };
		76037CDE1CBF8B4F00D72AA7 /* Info.plist */ = {isa = PBXFileReference; lastKnownFileType = text.plist.xml; path = Info.plist; sourceTree = "<group>"; };
		76037CE31CBF8B4F00D72AA7 /* IndianaTests.xctest */ = {isa = PBXFileReference; explicitFileType = wrapper.cfbundle; includeInIndex = 0; path = IndianaTests.xctest; sourceTree = BUILT_PRODUCTS_DIR; };
		76037CE71CBF8B4F00D72AA7 /* IndianaTests.m */ = {isa = PBXFileReference; lastKnownFileType = sourcecode.c.objc; path = IndianaTests.m; sourceTree = "<group>"; };
		76037CE91CBF8B4F00D72AA7 /* Info.plist */ = {isa = PBXFileReference; lastKnownFileType = text.plist.xml; path = Info.plist; sourceTree = "<group>"; };
		76037CEE1CBF8B4F00D72AA7 /* IndianaUITests.xctest */ = {isa = PBXFileReference; explicitFileType = wrapper.cfbundle; includeInIndex = 0; path = IndianaUITests.xctest; sourceTree = BUILT_PRODUCTS_DIR; };
		76037CF21CBF8B4F00D72AA7 /* IndianaUITests.m */ = {isa = PBXFileReference; lastKnownFileType = sourcecode.c.objc; path = IndianaUITests.m; sourceTree = "<group>"; };
		76037CF41CBF8B4F00D72AA7 /* Info.plist */ = {isa = PBXFileReference; lastKnownFileType = text.plist.xml; path = Info.plist; sourceTree = "<group>"; };
		CA116AEA8B6F229310F6F10E /* Pods.release.xcconfig */ = {isa = PBXFileReference; includeInIndex = 1; lastKnownFileType = text.xcconfig; name = Pods.release.xcconfig; path = "Pods/Target Support Files/Pods/Pods.release.xcconfig"; sourceTree = "<group>"; };
/* End PBXFileReference section */

/* Begin PBXFrameworksBuildPhase section */
		76037CC71CBF8B4F00D72AA7 /* Frameworks */ = {
			isa = PBXFrameworksBuildPhase;
			buildActionMask = 2147483647;
			files = (
				038BF5F78328C5E09B8B98A6 /* libPods.a in Frameworks */,
			);
			runOnlyForDeploymentPostprocessing = 0;
		};
		76037CE01CBF8B4F00D72AA7 /* Frameworks */ = {
			isa = PBXFrameworksBuildPhase;
			buildActionMask = 2147483647;
			files = (
			);
			runOnlyForDeploymentPostprocessing = 0;
		};
		76037CEB1CBF8B4F00D72AA7 /* Frameworks */ = {
			isa = PBXFrameworksBuildPhase;
			buildActionMask = 2147483647;
			files = (
			);
			runOnlyForDeploymentPostprocessing = 0;
		};
/* End PBXFrameworksBuildPhase section */

/* Begin PBXGroup section */
		5C8FEF29D556C2ABE23DAC27 /* Frameworks */ = {
			isa = PBXGroup;
			children = (
				00E94AED93A33FBF44252FC7 /* libPods.a */,
			);
			name = Frameworks;
			sourceTree = "<group>";
		};
		76037CC11CBF8B4F00D72AA7 = {
			isa = PBXGroup;
			children = (
				76037CCC1CBF8B4F00D72AA7 /* Indiana */,
				76037CE61CBF8B4F00D72AA7 /* IndianaTests */,
				76037CF11CBF8B4F00D72AA7 /* IndianaUITests */,
				76037CCB1CBF8B4F00D72AA7 /* Products */,
				772654A24F79612B73DC7331 /* Pods */,
				5C8FEF29D556C2ABE23DAC27 /* Frameworks */,
			);
			sourceTree = "<group>";
		};
		76037CCB1CBF8B4F00D72AA7 /* Products */ = {
			isa = PBXGroup;
			children = (
				76037CCA1CBF8B4F00D72AA7 /* Indiana.app */,
				76037CE31CBF8B4F00D72AA7 /* IndianaTests.xctest */,
				76037CEE1CBF8B4F00D72AA7 /* IndianaUITests.xctest */,
			);
			name = Products;
			sourceTree = "<group>";
		};
		76037CCC1CBF8B4F00D72AA7 /* Indiana */ = {
			isa = PBXGroup;
			children = (
				76037CD01CBF8B4F00D72AA7 /* AppDelegate.h */,
				76037CD11CBF8B4F00D72AA7 /* AppDelegate.m */,
				76037CD31CBF8B4F00D72AA7 /* ViewController.h */,
				76037CD41CBF8B4F00D72AA7 /* ViewController.m */,
				76037CD61CBF8B4F00D72AA7 /* Main.storyboard */,
				76037CD91CBF8B4F00D72AA7 /* Assets.xcassets */,
				76037CDB1CBF8B4F00D72AA7 /* LaunchScreen.storyboard */,
				76037CDE1CBF8B4F00D72AA7 /* Info.plist */,
				76037CCD1CBF8B4F00D72AA7 /* Supporting Files */,
			);
			path = Indiana;
			sourceTree = "<group>";
		};
		76037CCD1CBF8B4F00D72AA7 /* Supporting Files */ = {
			isa = PBXGroup;
			children = (
				76037CCE1CBF8B4F00D72AA7 /* main.m */,
			);
			name = "Supporting Files";
			sourceTree = "<group>";
		};
		76037CE61CBF8B4F00D72AA7 /* IndianaTests */ = {
			isa = PBXGroup;
			children = (
				76037CE71CBF8B4F00D72AA7 /* IndianaTests.m */,
				76037CE91CBF8B4F00D72AA7 /* Info.plist */,
			);
			path = IndianaTests;
			sourceTree = "<group>";
		};
		76037CF11CBF8B4F00D72AA7 /* IndianaUITests */ = {
			isa = PBXGroup;
			children = (
				76037CF21CBF8B4F00D72AA7 /* IndianaUITests.m */,
				76037CF41CBF8B4F00D72AA7 /* Info.plist */,
			);
			path = IndianaUITests;
			sourceTree = "<group>";
		};
		772654A24F79612B73DC7331 /* Pods */ = {
			isa = PBXGroup;
			children = (
				459905CD53B2FB9E55E4B624 /* Pods.debug.xcconfig */,
				CA116AEA8B6F229310F6F10E /* Pods.release.xcconfig */,
			);
			name = Pods;
			sourceTree = "<group>";
		};
/* End PBXGroup section */

/* Begin PBXNativeTarget section */
		76037CC91CBF8B4F00D72AA7 /* Indiana */ = {
			isa = PBXNativeTarget;
			buildConfigurationList = 76037CF71CBF8B4F00D72AA7 /* Build configuration list for PBXNativeTarget "Indiana" */;
			buildPhases = (
				EBBB1BE415541A080088FA16 /* Check Pods Manifest.lock */,
				76037CC61CBF8B4F00D72AA7 /* Sources */,
				76037CC71CBF8B4F00D72AA7 /* Frameworks */,
				76037CC81CBF8B4F00D72AA7 /* Resources */,
				893FB59136D7D5E8B07CFC67 /* Embed Pods Frameworks */,
				2F29073D0508C47F00C9FFD6 /* Copy Pods Resources */,
			);
			buildRules = (
			);
			dependencies = (
			);
			name = Indiana;
			productName = Indiana;
			productReference = 76037CCA1CBF8B4F00D72AA7 /* Indiana.app */;
			productType = "com.apple.product-type.application";
		};
		76037CE21CBF8B4F00D72AA7 /* IndianaTests */ = {
			isa = PBXNativeTarget;
			buildConfigurationList = 76037CFA1CBF8B4F00D72AA7 /* Build configuration list for PBXNativeTarget "IndianaTests" */;
			buildPhases = (
				76037CDF1CBF8B4F00D72AA7 /* Sources */,
				76037CE01CBF8B4F00D72AA7 /* Frameworks */,
				76037CE11CBF8B4F00D72AA7 /* Resources */,
			);
			buildRules = (
			);
			dependencies = (
				76037CE51CBF8B4F00D72AA7 /* PBXTargetDependency */,
			);
			name = IndianaTests;
			productName = IndianaTests;
			productReference = 76037CE31CBF8B4F00D72AA7 /* IndianaTests.xctest */;
			productType = "com.apple.product-type.bundle.unit-test";
		};
		76037CED1CBF8B4F00D72AA7 /* IndianaUITests */ = {
			isa = PBXNativeTarget;
			buildConfigurationList = 76037CFD1CBF8B4F00D72AA7 /* Build configuration list for PBXNativeTarget "IndianaUITests" */;
			buildPhases = (
				76037CEA1CBF8B4F00D72AA7 /* Sources */,
				76037CEB1CBF8B4F00D72AA7 /* Frameworks */,
				76037CEC1CBF8B4F00D72AA7 /* Resources */,
			);
			buildRules = (
			);
			dependencies = (
				76037CF01CBF8B4F00D72AA7 /* PBXTargetDependency */,
			);
			name = IndianaUITests;
			productName = IndianaUITests;
			productReference = 76037CEE1CBF8B4F00D72AA7 /* IndianaUITests.xctest */;
			productType = "com.apple.product-type.bundle.ui-testing";
		};
/* End PBXNativeTarget section */

/* Begin PBXProject section */
		76037CC21CBF8B4F00D72AA7 /* Project object */ = {
			isa = PBXProject;
			attributes = {
				LastUpgradeCheck = 0720;
				ORGANIZATIONNAME = Tagcare;
				TargetAttributes = {
					76037CC91CBF8B4F00D72AA7 = {
						CreatedOnToolsVersion = 7.2;
					};
					76037CE21CBF8B4F00D72AA7 = {
						CreatedOnToolsVersion = 7.2;
						TestTargetID = 76037CC91CBF8B4F00D72AA7;
					};
					76037CED1CBF8B4F00D72AA7 = {
						CreatedOnToolsVersion = 7.2;
						TestTargetID = 76037CC91CBF8B4F00D72AA7;
					};
				};
			};
			buildConfigurationList = 76037CC51CBF8B4F00D72AA7 /* Build configuration list for PBXProject "Indiana" */;
			compatibilityVersion = "Xcode 3.2";
			developmentRegion = English;
			hasScannedForEncodings = 0;
			knownRegions = (
				en,
				Base,
			);
			mainGroup = 76037CC11CBF8B4F00D72AA7;
			productRefGroup = 76037CCB1CBF8B4F00D72AA7 /* Products */;
			projectDirPath = "";
			projectRoot = "";
			targets = (
				76037CC91CBF8B4F00D72AA7 /* Indiana */,
				76037CE21CBF8B4F00D72AA7 /* IndianaTests */,
				76037CED1CBF8B4F00D72AA7 /* IndianaUITests */,
			);
		};
/* End PBXProject section */

/* Begin PBXResourcesBuildPhase section */
		76037CC81CBF8B4F00D72AA7 /* Resources */ = {
			isa = PBXResourcesBuildPhase;
			buildActionMask = 2147483647;
			files = (
				76037CDD1CBF8B4F00D72AA7 /* LaunchScreen.storyboard in Resources */,
				76037CDA1CBF8B4F00D72AA7 /* Assets.xcassets in Resources */,
				76037CD81CBF8B4F00D72AA7 /* Main.storyboard in Resources */,
			);
			runOnlyForDeploymentPostprocessing = 0;
		};
		76037CE11CBF8B4F00D72AA7 /* Resources */ = {
			isa = PBXResourcesBuildPhase;
			buildActionMask = 2147483647;
			files = (
			);
			runOnlyForDeploymentPostprocessing = 0;
		};
		76037CEC1CBF8B4F00D72AA7 /* Resources */ = {
			isa = PBXResourcesBuildPhase;
			buildActionMask = 2147483647;
			files = (
			);
			runOnlyForDeploymentPostprocessing = 0;
		};
/* End PBXResourcesBuildPhase section */

/* Begin PBXShellScriptBuildPhase section */
		2F29073D0508C47F00C9FFD6 /* Copy Pods Resources */ = {
			isa = PBXShellScriptBuildPhase;
			buildActionMask = 2147483647;
			files = (
			);
			inputPaths = (
			);
			name = "Copy Pods Resources";
			outputPaths = (
			);
			runOnlyForDeploymentPostprocessing = 0;
			shellPath = /bin/sh;
			shellScript = "\"${SRCROOT}/Pods/Target Support Files/Pods/Pods-resources.sh\"\n";
			showEnvVarsInLog = 0;
		};
		893FB59136D7D5E8B07CFC67 /* Embed Pods Frameworks */ = {
			isa = PBXShellScriptBuildPhase;
			buildActionMask = 2147483647;
			files = (
			);
			inputPaths = (
			);
			name = "Embed Pods Frameworks";
			outputPaths = (
			);
			runOnlyForDeploymentPostprocessing = 0;
			shellPath = /bin/sh;
			shellScript = "\"${SRCROOT}/Pods/Target Support Files/Pods/Pods-frameworks.sh\"\n";
			showEnvVarsInLog = 0;
		};
		EBBB1BE415541A080088FA16 /* Check Pods Manifest.lock */ = {
			isa = PBXShellScriptBuildPhase;
			buildActionMask = 2147483647;
			files = (
			);
			inputPaths = (
			);
			name = "Check Pods Manifest.lock";
			outputPaths = (
			);
			runOnlyForDeploymentPostprocessing = 0;
			shellPath = /bin/sh;
			shellScript = "diff \"${PODS_ROOT}/../Podfile.lock\" \"${PODS_ROOT}/Manifest.lock\" > /dev/null\nif [[ $? != 0 ]] ; then\n    cat << EOM\nerror: The sandbox is not in sync with the Podfile.lock. Run 'pod install' or update your CocoaPods installation.\nEOM\n    exit 1\nfi\n";
			showEnvVarsInLog = 0;
		};
/* End PBXShellScriptBuildPhase section */

/* Begin PBXSourcesBuildPhase section */
		76037CC61CBF8B4F00D72AA7 /* Sources */ = {
			isa = PBXSourcesBuildPhase;
			buildActionMask = 2147483647;
			files = (
				76037CD51CBF8B4F00D72AA7 /* ViewController.m in Sources */,
				76037CD21CBF8B4F00D72AA7 /* AppDelegate.m in Sources */,
				76037CCF1CBF8B4F00D72AA7 /* main.m in Sources */,
			);
			runOnlyForDeploymentPostprocessing = 0;
		};
		76037CDF1CBF8B4F00D72AA7 /* Sources */ = {
			isa = PBXSourcesBuildPhase;
			buildActionMask = 2147483647;
			files = (
				76037CE81CBF8B4F00D72AA7 /* IndianaTests.m in Sources */,
			);
			runOnlyForDeploymentPostprocessing = 0;
		};
		76037CEA1CBF8B4F00D72AA7 /* Sources */ = {
			isa = PBXSourcesBuildPhase;
			buildActionMask = 2147483647;
			files = (
				76037CF31CBF8B4F00D72AA7 /* IndianaUITests.m in Sources */,
			);
			runOnlyForDeploymentPostprocessing = 0;
		};
/* End PBXSourcesBuildPhase section */

/* Begin PBXTargetDependency section */
		76037CE51CBF8B4F00D72AA7 /* PBXTargetDependency */ = {
			isa = PBXTargetDependency;
			target = 76037CC91CBF8B4F00D72AA7 /* Indiana */;
			targetProxy = 76037CE41CBF8B4F00D72AA7 /* PBXContainerItemProxy */;
		};
		76037CF01CBF8B4F00D72AA7 /* PBXTargetDependency */ = {
			isa = PBXTargetDependency;
			target = 76037CC91CBF8B4F00D72AA7 /* Indiana */;
			targetProxy = 76037CEF1CBF8B4F00D72AA7 /* PBXContainerItemProxy */;
		};
/* End PBXTargetDependency section */

/* Begin PBXVariantGroup section */
		76037CD61CBF8B4F00D72AA7 /* Main.storyboard */ = {
			isa = PBXVariantGroup;
			children = (
				76037CD71CBF8B4F00D72AA7 /* Base */,
			);
			name = Main.storyboard;
			sourceTree = "<group>";
		};
		76037CDB1CBF8B4F00D72AA7 /* LaunchScreen.storyboard */ = {
			isa = PBXVariantGroup;
			children = (
				76037CDC1CBF8B4F00D72AA7 /* Base */,
			);
			name = LaunchScreen.storyboard;
			sourceTree = "<group>";
		};
/* End PBXVariantGroup section */

/* Begin XCBuildConfiguration section */
		76037CF51CBF8B4F00D72AA7 /* Debug */ = {
			isa = XCBuildConfiguration;
			buildSettings = {
				ALWAYS_SEARCH_USER_PATHS = NO;
				CLANG_CXX_LANGUAGE_STANDARD = "gnu++0x";
				CLANG_CXX_LIBRARY = "libc++";
				CLANG_ENABLE_MODULES = YES;
				CLANG_ENABLE_OBJC_ARC = YES;
				CLANG_WARN_BOOL_CONVERSION = YES;
				CLANG_WARN_CONSTANT_CONVERSION = YES;
				CLANG_WARN_DIRECT_OBJC_ISA_USAGE = YES_ERROR;
				CLANG_WARN_EMPTY_BODY = YES;
				CLANG_WARN_ENUM_CONVERSION = YES;
				CLANG_WARN_INT_CONVERSION = YES;
				CLANG_WARN_OBJC_ROOT_CLASS = YES_ERROR;
				CLANG_WARN_UNREACHABLE_CODE = YES;
				CLANG_WARN__DUPLICATE_METHOD_MATCH = YES;
				"CODE_SIGN_IDENTITY[sdk=iphoneos*]" = "iPhone Developer";
				COPY_PHASE_STRIP = NO;
				DEBUG_INFORMATION_FORMAT = dwarf;
				ENABLE_STRICT_OBJC_MSGSEND = YES;
				ENABLE_TESTABILITY = YES;
				GCC_C_LANGUAGE_STANDARD = gnu99;
				GCC_DYNAMIC_NO_PIC = NO;
				GCC_NO_COMMON_BLOCKS = YES;
				GCC_OPTIMIZATION_LEVEL = 0;
				GCC_PREPROCESSOR_DEFINITIONS = (
					"DEBUG=1",
					"$(inherited)",
				);
				GCC_WARN_64_TO_32_BIT_CONVERSION = YES;
				GCC_WARN_ABOUT_RETURN_TYPE = YES_ERROR;
				GCC_WARN_UNDECLARED_SELECTOR = YES;
				GCC_WARN_UNINITIALIZED_AUTOS = YES_AGGRESSIVE;
				GCC_WARN_UNUSED_FUNCTION = YES;
				GCC_WARN_UNUSED_VARIABLE = YES;
				IPHONEOS_DEPLOYMENT_TARGET = 9.2;
				MTL_ENABLE_DEBUG_INFO = YES;
				ONLY_ACTIVE_ARCH = YES;
				SDKROOT = iphoneos;
				TARGETED_DEVICE_FAMILY = "1,2";
			};
			name = Debug;
		};
		76037CF61CBF8B4F00D72AA7 /* Release */ = {
			isa = XCBuildConfiguration;
			buildSettings = {
				ALWAYS_SEARCH_USER_PATHS = NO;
				CLANG_CXX_LANGUAGE_STANDARD = "gnu++0x";
				CLANG_CXX_LIBRARY = "libc++";
				CLANG_ENABLE_MODULES = YES;
				CLANG_ENABLE_OBJC_ARC = YES;
				CLANG_WARN_BOOL_CONVERSION = YES;
				CLANG_WARN_CONSTANT_CONVERSION = YES;
				CLANG_WARN_DIRECT_OBJC_ISA_USAGE = YES_ERROR;
				CLANG_WARN_EMPTY_BODY = YES;
				CLANG_WARN_ENUM_CONVERSION = YES;
				CLANG_WARN_INT_CONVERSION = YES;
				CLANG_WARN_OBJC_ROOT_CLASS = YES_ERROR;
				CLANG_WARN_UNREACHABLE_CODE = YES;
				CLANG_WARN__DUPLICATE_METHOD_MATCH = YES;
				"CODE_SIGN_IDENTITY[sdk=iphoneos*]" = "iPhone Developer";
				COPY_PHASE_STRIP = NO;
				DEBUG_INFORMATION_FORMAT = "dwarf-with-dsym";
				ENABLE_NS_ASSERTIONS = NO;
				ENABLE_STRICT_OBJC_MSGSEND = YES;
				GCC_C_LANGUAGE_STANDARD = gnu99;
				GCC_NO_COMMON_BLOCKS = YES;
				GCC_WARN_64_TO_32_BIT_CONVERSION = YES;
				GCC_WARN_ABOUT_RETURN_TYPE = YES_ERROR;
				GCC_WARN_UNDECLARED_SELECTOR = YES;
				GCC_WARN_UNINITIALIZED_AUTOS = YES_AGGRESSIVE;
				GCC_WARN_UNUSED_FUNCTION = YES;
				GCC_WARN_UNUSED_VARIABLE = YES;
				IPHONEOS_DEPLOYMENT_TARGET = 9.2;
				MTL_ENABLE_DEBUG_INFO = NO;
				SDKROOT = iphoneos;
				TARGETED_DEVICE_FAMILY = "1,2";
				VALIDATE_PRODUCT = YES;
			};
			name = Release;
		};
		76037CF81CBF8B4F00D72AA7 /* Debug */ = {
			isa = XCBuildConfiguration;
			baseConfigurationReference = 459905CD53B2FB9E55E4B624 /* Pods.debug.xcconfig */;
			buildSettings = {
				ASSETCATALOG_COMPILER_APPICON_NAME = AppIcon;
				INFOPLIST_FILE = Indiana/Info.plist;
				LD_RUNPATH_SEARCH_PATHS = "$(inherited) @executable_path/Frameworks";
				PRODUCT_BUNDLE_IDENTIFIER = Tagcare.Indiana;
				PRODUCT_NAME = "$(TARGET_NAME)";
			};
			name = Debug;
		};
		76037CF91CBF8B4F00D72AA7 /* Release */ = {
			isa = XCBuildConfiguration;
			baseConfigurationReference = CA116AEA8B6F229310F6F10E /* Pods.release.xcconfig */;
			buildSettings = {
				ASSETCATALOG_COMPILER_APPICON_NAME = AppIcon;
				INFOPLIST_FILE = Indiana/Info.plist;
				LD_RUNPATH_SEARCH_PATHS = "$(inherited) @executable_path/Frameworks";
				PRODUCT_BUNDLE_IDENTIFIER = Tagcare.Indiana;
				PRODUCT_NAME = "$(TARGET_NAME)";
			};
			name = Release;
		};
		76037CFB1CBF8B4F00D72AA7 /* Debug */ = {
			isa = XCBuildConfiguration;
			buildSettings = {
				BUNDLE_LOADER = "$(TEST_HOST)";
				INFOPLIST_FILE = IndianaTests/Info.plist;
				LD_RUNPATH_SEARCH_PATHS = "$(inherited) @executable_path/Frameworks @loader_path/Frameworks";
				PRODUCT_BUNDLE_IDENTIFIER = Tagcare.IndianaTests;
				PRODUCT_NAME = "$(TARGET_NAME)";
				TEST_HOST = "$(BUILT_PRODUCTS_DIR)/Indiana.app/Indiana";
			};
			name = Debug;
		};
		76037CFC1CBF8B4F00D72AA7 /* Release */ = {
			isa = XCBuildConfiguration;
			buildSettings = {
				BUNDLE_LOADER = "$(TEST_HOST)";
				INFOPLIST_FILE = IndianaTests/Info.plist;
				LD_RUNPATH_SEARCH_PATHS = "$(inherited) @executable_path/Frameworks @loader_path/Frameworks";
				PRODUCT_BUNDLE_IDENTIFIER = Tagcare.IndianaTests;
				PRODUCT_NAME = "$(TARGET_NAME)";
				TEST_HOST = "$(BUILT_PRODUCTS_DIR)/Indiana.app/Indiana";
			};
			name = Release;
		};
		76037CFE1CBF8B4F00D72AA7 /* Debug */ = {
			isa = XCBuildConfiguration;
			buildSettings = {
				INFOPLIST_FILE = IndianaUITests/Info.plist;
				LD_RUNPATH_SEARCH_PATHS = "$(inherited) @executable_path/Frameworks @loader_path/Frameworks";
				PRODUCT_BUNDLE_IDENTIFIER = Tagcare.IndianaUITests;
				PRODUCT_NAME = "$(TARGET_NAME)";
				TEST_TARGET_NAME = Indiana;
				USES_XCTRUNNER = YES;
			};
			name = Debug;
		};
		76037CFF1CBF8B4F00D72AA7 /* Release */ = {
			isa = XCBuildConfiguration;
			buildSettings = {
				INFOPLIST_FILE = IndianaUITests/Info.plist;
				LD_RUNPATH_SEARCH_PATHS = "$(inherited) @executable_path/Frameworks @loader_path/Frameworks";
				PRODUCT_BUNDLE_IDENTIFIER = Tagcare.IndianaUITests;
				PRODUCT_NAME = "$(TARGET_NAME)";
				TEST_TARGET_NAME = Indiana;
				USES_XCTRUNNER = YES;
			};
			name = Release;
		};
/* End XCBuildConfiguration section */

/* Begin XCConfigurationList section */
		76037CC51CBF8B4F00D72AA7 /* Build configuration list for PBXProject "Indiana" */ = {
			isa = XCConfigurationList;
			buildConfigurations = (
				76037CF51CBF8B4F00D72AA7 /* Debug */,
				76037CF61CBF8B4F00D72AA7 /* Release */,
			);
			defaultConfigurationIsVisible = 0;
			defaultConfigurationName = Release;
		};
		76037CF71CBF8B4F00D72AA7 /* Build configuration list for PBXNativeTarget "Indiana" */ = {
			isa = XCConfigurationList;
			buildConfigurations = (
				76037CF81CBF8B4F00D72AA7 /* Debug */,
				76037CF91CBF8B4F00D72AA7 /* Release */,
			);
			defaultConfigurationIsVisible = 0;
			defaultConfigurationName = Release;
		};
		76037CFA1CBF8B4F00D72AA7 /* Build configuration list for PBXNativeTarget "IndianaTests" */ = {
			isa = XCConfigurationList;
			buildConfigurations = (
				76037CFB1CBF8B4F00D72AA7 /* Debug */,
				76037CFC1CBF8B4F00D72AA7 /* Release */,
			);
			defaultConfigurationIsVisible = 0;
			defaultConfigurationName = Release;
		};
		76037CFD1CBF8B4F00D72AA7 /* Build configuration list for PBXNativeTarget "IndianaUITests" */ = {
			isa = XCConfigurationList;
			buildConfigurations = (
				76037CFE1CBF8B4F00D72AA7 /* Debug */,
				76037CFF1CBF8B4F00D72AA7 /* Release */,
			);
			defaultConfigurationIsVisible = 0;
			defaultConfigurationName = Release;
		};
/* End XCConfigurationList section */
	};
	rootObject = 76037CC21CBF8B4F00D72AA7 /* Project object */;
}
