// !$*UTF8*$!
{
	archiveVersion = 1;
	classes = {
	};
	objectVersion = 46;
	objects = {

/* Begin PBXBuildFile section */
		038BF5F78328C5E09B8B98A6 /* libPods.a in Frameworks */ = {isa = PBXBuildFile; fileRef = 00E94AED93A33FBF44252FC7 /* libPods.a */; };
		291A53B61D1A881E00F201F7 /* Login.storyboard in Resources */ = {isa = PBXBuildFile; fileRef = 291A53B41D1A881E00F201F7 /* Login.storyboard */; };
		2953F43F1D18D6C400CDCDBF /* PersonalCell.m in Sources */ = {isa = PBXBuildFile; fileRef = 2953F43D1D18D6C400CDCDBF /* PersonalCell.m */; };
		2953F4401D18D6C400CDCDBF /* PersonalCell.xib in Resources */ = {isa = PBXBuildFile; fileRef = 2953F43E1D18D6C400CDCDBF /* PersonalCell.xib */; };
		2958F7871D2A5BF400E318A7 /* PersonalHeaderView.m in Sources */ = {isa = PBXBuildFile; fileRef = 2958F7861D2A5BF400E318A7 /* PersonalHeaderView.m */; };
		2958F78E1D2A5CA900E318A7 /* PersonalHeaderView.xib in Resources */ = {isa = PBXBuildFile; fileRef = 2958F78D1D2A5CA900E318A7 /* PersonalHeaderView.xib */; };
		295AC3DA1D2DF52600A7BC93 /* Tools.m in Sources */ = {isa = PBXBuildFile; fileRef = 295AC3D91D2DF52600A7BC93 /* Tools.m */; };
		29623E6D1CD0944800DEE393 /* Main.storyboard in Resources */ = {isa = PBXBuildFile; fileRef = 29623E6B1CD0944800DEE393 /* Main.storyboard */; };
		29665F291D27901D00122B9A /* LocaldData.m in Sources */ = {isa = PBXBuildFile; fileRef = 29665F281D27901D00122B9A /* LocaldData.m */; };
		29665F2A1D27CB0D00122B9A /* LatestResultViewController.m in Sources */ = {isa = PBXBuildFile; fileRef = 297512321D13F3F800C8917E /* LatestResultViewController.m */; };
		29665F2B1D27CB0D00122B9A /* AppDelegate.m in Sources */ = {isa = PBXBuildFile; fileRef = 2985F65C1CC094A800ED5DDA /* AppDelegate.m */; };
		29665F2C1D27CB0D00122B9A /* PersonalViewController.m in Sources */ = {isa = PBXBuildFile; fileRef = 2975123E1D13F49D00C8917E /* PersonalViewController.m */; };
		296A44FA1D23760B00D6223F /* UserInfoModel.m in Sources */ = {isa = PBXBuildFile; fileRef = 296A44F91D23760B00D6223F /* UserInfoModel.m */; };
		296AF2DE1D40CC5400C22DA6 /* PayService.m in Sources */ = {isa = PBXBuildFile; fileRef = 296AF2DD1D40CC5400C22DA6 /* PayService.m */; };
		297133061D1D2BE40086BF2E /* LoginRootViewController.m in Sources */ = {isa = PBXBuildFile; fileRef = 297132FC1D1D2BE40086BF2E /* LoginRootViewController.m */; };
		297133071D1D2BE40086BF2E /* LoginViewController.m in Sources */ = {isa = PBXBuildFile; fileRef = 297132FE1D1D2BE40086BF2E /* LoginViewController.m */; };
		2971330A1D1D2BE40086BF2E /* RegisterFooterView.xib in Resources */ = {isa = PBXBuildFile; fileRef = 297133051D1D2BE40086BF2E /* RegisterFooterView.xib */; };
		297133181D1D3B150086BF2E /* RegisterViewController.m in Sources */ = {isa = PBXBuildFile; fileRef = 297133171D1D3B150086BF2E /* RegisterViewController.m */; };
		297133211D1D3E6D0086BF2E /* VerifyCodeCell.m in Sources */ = {isa = PBXBuildFile; fileRef = 2971331F1D1D3E6D0086BF2E /* VerifyCodeCell.m */; };
		297133221D1D3E6D0086BF2E /* VerifyCodeCell.xib in Resources */ = {isa = PBXBuildFile; fileRef = 297133201D1D3E6D0086BF2E /* VerifyCodeCell.xib */; };
		297512361D13F44A00C8917E /* TreasureListViewController.m in Sources */ = {isa = PBXBuildFile; fileRef = 297512351D13F44A00C8917E /* TreasureListViewController.m */; };
		297512391D13F47000C8917E /* ShowOrdersViewController.m in Sources */ = {isa = PBXBuildFile; fileRef = 297512381D13F47000C8917E /* ShowOrdersViewController.m */; };
		2975123C1D13F48900C8917E /* ShoppingListsViewController.m in Sources */ = {isa = PBXBuildFile; fileRef = 2975123B1D13F48900C8917E /* ShoppingListsViewController.m */; };
		2975BA891D221C210077448E /* LbTfCell.m in Sources */ = {isa = PBXBuildFile; fileRef = 2975BA871D221C210077448E /* LbTfCell.m */; };
		2975BA8A1D221C210077448E /* LbTfCell.xib in Resources */ = {isa = PBXBuildFile; fileRef = 2975BA881D221C210077448E /* LbTfCell.xib */; };
		2975BA8E1D221CE90077448E /* ForgetPwdCell.m in Sources */ = {isa = PBXBuildFile; fileRef = 2975BA8C1D221CE90077448E /* ForgetPwdCell.m */; };
		2975BA8F1D221CE90077448E /* ForgetPwdCell.xib in Resources */ = {isa = PBXBuildFile; fileRef = 2975BA8D1D221CE90077448E /* ForgetPwdCell.xib */; };
		2975BA941D221DEF0077448E /* LoginFooterView.xib in Resources */ = {isa = PBXBuildFile; fileRef = 2975BA931D221DEF0077448E /* LoginFooterView.xib */; };
		2975BA971D2228430077448E /* RegisterFooterView.m in Sources */ = {isa = PBXBuildFile; fileRef = 2975BA961D2228430077448E /* RegisterFooterView.m */; };
		2975BA9A1D222B040077448E /* LoginFooterView.m in Sources */ = {isa = PBXBuildFile; fileRef = 2975BA991D222B040077448E /* LoginFooterView.m */; };
		2975BA9C1D22652E0077448E /* ImageIO.framework in Frameworks */ = {isa = PBXBuildFile; fileRef = 2975BA9B1D22652E0077448E /* ImageIO.framework */; };
		2975BA9E1D22653F0077448E /* Security.framework in Frameworks */ = {isa = PBXBuildFile; fileRef = 2975BA9D1D22653F0077448E /* Security.framework */; };
		2975BAA01D2265FA0077448E /* libiconv.tbd in Frameworks */ = {isa = PBXBuildFile; fileRef = 2975BA9F1D2265FA0077448E /* libiconv.tbd */; };
		2975BAA21D22661E0077448E /* CoreGraphics.framework in Frameworks */ = {isa = PBXBuildFile; fileRef = 2975BAA11D22661E0077448E /* CoreGraphics.framework */; };
		2975BAA41D22662C0077448E /* libsqlite3.tbd in Frameworks */ = {isa = PBXBuildFile; fileRef = 2975BAA31D22662C0077448E /* libsqlite3.tbd */; };
		2975BAA61D2266380077448E /* CoreTelephony.framework in Frameworks */ = {isa = PBXBuildFile; fileRef = 2975BAA51D2266380077448E /* CoreTelephony.framework */; };
		2975BAA81D2266450077448E /* libstdc++.tbd in Frameworks */ = {isa = PBXBuildFile; fileRef = 2975BAA71D2266450077448E /* libstdc++.tbd */; };
		2975BAAA1D2266520077448E /* libz.tbd in Frameworks */ = {isa = PBXBuildFile; fileRef = 2975BAA91D2266520077448E /* libz.tbd */; };
		2975BAAD1D226BDB0077448E /* LoginModel.m in Sources */ = {isa = PBXBuildFile; fileRef = 2975BAAC1D226BDB0077448E /* LoginModel.m */; };
		2985F6761CC094C600ED5DDA /* BaseViewController.m in Sources */ = {isa = PBXBuildFile; fileRef = 2985F6751CC094C600ED5DDA /* BaseViewController.m */; };
		2985F6791CC094FB00ED5DDA /* TabBarController.m in Sources */ = {isa = PBXBuildFile; fileRef = 2985F6781CC094FB00ED5DDA /* TabBarController.m */; };
		2988877D1D2CFA410008DD14 /* RechargeRecordCell.m in Sources */ = {isa = PBXBuildFile; fileRef = 2988877B1D2CFA410008DD14 /* RechargeRecordCell.m */; };
		2988877E1D2CFA410008DD14 /* RechargeRecordCell.xib in Resources */ = {isa = PBXBuildFile; fileRef = 2988877C1D2CFA410008DD14 /* RechargeRecordCell.xib */; };
		298887821D2CFA750008DD14 /* RechargeRecordViewController.m in Sources */ = {isa = PBXBuildFile; fileRef = 298887801D2CFA750008DD14 /* RechargeRecordViewController.m */; };
		298887831D2CFA750008DD14 /* RechargeRecordViewController.xib in Resources */ = {isa = PBXBuildFile; fileRef = 298887811D2CFA750008DD14 /* RechargeRecordViewController.xib */; };
		298887861D2D05E90008DD14 /* RechargeRecordModel.m in Sources */ = {isa = PBXBuildFile; fileRef = 298887851D2D05E90008DD14 /* RechargeRecordModel.m */; };
		298887891D2D0D340008DD14 /* RechargeRecordListModel.m in Sources */ = {isa = PBXBuildFile; fileRef = 298887881D2D0D340008DD14 /* RechargeRecordListModel.m */; };
		298F8BE31D45FF00000A8791 /* icon.png in Resources */ = {isa = PBXBuildFile; fileRef = 298F8BE21D45FF00000A8791 /* icon.png */; };
		5505E23E1D2559AA00769B3C /* GoodsListModel.m in Sources */ = {isa = PBXBuildFile; fileRef = 5505E23D1D2559AA00769B3C /* GoodsListModel.m */; };
		5505E2421D3365AE00769B3C /* OrdersListViewController.m in Sources */ = {isa = PBXBuildFile; fileRef = 5505E2401D3365AE00769B3C /* OrdersListViewController.m */; };
		5505E2461D3365CD00769B3C /* OrdersModel.m in Sources */ = {isa = PBXBuildFile; fileRef = 5505E2451D3365CD00769B3C /* OrdersModel.m */; };
		5505E2491D3365E600769B3C /* OrdersListModel.m in Sources */ = {isa = PBXBuildFile; fileRef = 5505E2481D3365E600769B3C /* OrdersListModel.m */; };
		5505E24B1D336DF000769B3C /* Orders.storyboard in Resources */ = {isa = PBXBuildFile; fileRef = 5505E24A1D336DF000769B3C /* Orders.storyboard */; };
		5505E24E1D33742000769B3C /* OrdersHeaderView.m in Sources */ = {isa = PBXBuildFile; fileRef = 5505E24D1D33742000769B3C /* OrdersHeaderView.m */; };
		5505E2551D3374B000769B3C /* OrdersCell.m in Sources */ = {isa = PBXBuildFile; fileRef = 5505E2531D3374B000769B3C /* OrdersCell.m */; };
		5505E2561D3374B000769B3C /* OrdersCell.xib in Resources */ = {isa = PBXBuildFile; fileRef = 5505E2541D3374B000769B3C /* OrdersCell.xib */; };
		76037CCF1CBF8B4F00D72AA7 /* main.m in Sources */ = {isa = PBXBuildFile; fileRef = 76037CCE1CBF8B4F00D72AA7 /* main.m */; };
		76037CDA1CBF8B4F00D72AA7 /* Assets.xcassets in Resources */ = {isa = PBXBuildFile; fileRef = 76037CD91CBF8B4F00D72AA7 /* Assets.xcassets */; };
		76037CDD1CBF8B4F00D72AA7 /* LaunchScreen.storyboard in Resources */ = {isa = PBXBuildFile; fileRef = 76037CDB1CBF8B4F00D72AA7 /* LaunchScreen.storyboard */; };
		76037CE81CBF8B4F00D72AA7 /* IndianaTests.m in Sources */ = {isa = PBXBuildFile; fileRef = 76037CE71CBF8B4F00D72AA7 /* IndianaTests.m */; };
		76037CF31CBF8B4F00D72AA7 /* IndianaUITests.m in Sources */ = {isa = PBXBuildFile; fileRef = 76037CF21CBF8B4F00D72AA7 /* IndianaUITests.m */; };
		76039A041CC0EC1200F486C8 /* SystemConfiguration.framework in Frameworks */ = {isa = PBXBuildFile; fileRef = 76039A031CC0EC1200F486C8 /* SystemConfiguration.framework */; };
		7609838F1D20D3DE0048AC46 /* GoodsDetailHeaderView.m in Sources */ = {isa = PBXBuildFile; fileRef = 7609838E1D20D3DE0048AC46 /* GoodsDetailHeaderView.m */; };
		760983911D20D3FD0048AC46 /* GoodsDetailHeaderView.xib in Resources */ = {isa = PBXBuildFile; fileRef = 760983901D20D3FD0048AC46 /* GoodsDetailHeaderView.xib */; };
		760A05E21D1D0D240001B234 /* GoodsDetailTableViewCell.m in Sources */ = {isa = PBXBuildFile; fileRef = 760A05E01D1D0D240001B234 /* GoodsDetailTableViewCell.m */; };
		760A05E31D1D0D240001B234 /* GoodsDetailTableViewCell.xib in Resources */ = {isa = PBXBuildFile; fileRef = 760A05E11D1D0D240001B234 /* GoodsDetailTableViewCell.xib */; };
		760A05E51D1D36E80001B234 /* GoodsDetail.storyboard in Resources */ = {isa = PBXBuildFile; fileRef = 760A05E41D1D36E80001B234 /* GoodsDetail.storyboard */; };
		760F023B1D1BAC6100E1561C /* HeaderCollectionReusableView.m in Sources */ = {isa = PBXBuildFile; fileRef = 760F02391D1BAC6100E1561C /* HeaderCollectionReusableView.m */; };
		760F023C1D1BAC6100E1561C /* HeaderCollectionReusableView.xib in Resources */ = {isa = PBXBuildFile; fileRef = 760F023A1D1BAC6100E1561C /* HeaderCollectionReusableView.xib */; };
		760F02471D1BDF2500E1561C /* GoodsDetailViewController.m in Sources */ = {isa = PBXBuildFile; fileRef = 760F02461D1BDF2500E1561C /* GoodsDetailViewController.m */; };
		7613CF0D1CCDFC2F00195D22 /* DataService.m in Sources */ = {isa = PBXBuildFile; fileRef = 7613CF0C1CCDFC2F00195D22 /* DataService.m */; };
		763405561D2A65890033DF4F /* LastResultView.m in Sources */ = {isa = PBXBuildFile; fileRef = 763405551D2A65890033DF4F /* LastResultView.m */; };
		76454F631D24FEB0004840E4 /* GoodsModel.m in Sources */ = {isa = PBXBuildFile; fileRef = 76454F621D24FEB0004840E4 /* GoodsModel.m */; };
		764E7AD71D228F5300FC24CB /* GoodsPayViewController.m in Sources */ = {isa = PBXBuildFile; fileRef = 764E7AD61D228F5300FC24CB /* GoodsPayViewController.m */; };
		76B4B11B1D22940F00B15AD2 /* PayView.xib in Resources */ = {isa = PBXBuildFile; fileRef = 76B4B11A1D22940F00B15AD2 /* PayView.xib */; };
		76B4B11E1D22942100B15AD2 /* PayView.m in Sources */ = {isa = PBXBuildFile; fileRef = 76B4B11D1D22942100B15AD2 /* PayView.m */; };
		76BAF2B21D1935AB00553696 /* GoodsCollectionViewCell.m in Sources */ = {isa = PBXBuildFile; fileRef = 76BAF2B01D1935AB00553696 /* GoodsCollectionViewCell.m */; };
		76BAF2B31D1935AB00553696 /* GoodsCollectionViewCell.xib in Resources */ = {isa = PBXBuildFile; fileRef = 76BAF2B11D1935AB00553696 /* GoodsCollectionViewCell.xib */; };
		76F867461D34E4D200029BF6 /* OrderListViewController.m in Sources */ = {isa = PBXBuildFile; fileRef = 76F867451D34E4D200029BF6 /* OrderListViewController.m */; };
		76FA5CFE1D377F9400AB20B6 /* ShowListViewController.m in Sources */ = {isa = PBXBuildFile; fileRef = 76FA5CFD1D377F9400AB20B6 /* ShowListViewController.m */; };
		76FA5D011D3781C800AB20B6 /* ShowResultViewController.m in Sources */ = {isa = PBXBuildFile; fileRef = 76FA5D001D3781C800AB20B6 /* ShowResultViewController.m */; };
		76FE6C911D24C300009C740B /* SelectBuyTimes.m in Sources */ = {isa = PBXBuildFile; fileRef = 76FE6C901D24C300009C740B /* SelectBuyTimes.m */; };
		76FE6C931D24C318009C740B /* SelectBuytimes.xib in Resources */ = {isa = PBXBuildFile; fileRef = 76FE6C921D24C318009C740B /* SelectBuytimes.xib */; };
/* End PBXBuildFile section */

/* Begin PBXContainerItemProxy section */
		76037CE41CBF8B4F00D72AA7 /* PBXContainerItemProxy */ = {
			isa = PBXContainerItemProxy;
			containerPortal = 76037CC21CBF8B4F00D72AA7 /* Project object */;
			proxyType = 1;
			remoteGlobalIDString = 76037CC91CBF8B4F00D72AA7;
			remoteInfo = Indiana;
		};
		76037CEF1CBF8B4F00D72AA7 /* PBXContainerItemProxy */ = {
			isa = PBXContainerItemProxy;
			containerPortal = 76037CC21CBF8B4F00D72AA7 /* Project object */;
			proxyType = 1;
			remoteGlobalIDString = 76037CC91CBF8B4F00D72AA7;
			remoteInfo = Indiana;
		};
/* End PBXContainerItemProxy section */

/* Begin PBXFileReference section */
		00E94AED93A33FBF44252FC7 /* libPods.a */ = {isa = PBXFileReference; explicitFileType = archive.ar; includeInIndex = 0; path = libPods.a; sourceTree = BUILT_PRODUCTS_DIR; };
		291A53B51D1A881E00F201F7 /* Base */ = {isa = PBXFileReference; lastKnownFileType = file.storyboard; name = Base; path = Base.lproj/Login.storyboard; sourceTree = "<group>"; };
		2953F43C1D18D6C400CDCDBF /* PersonalCell.h */ = {isa = PBXFileReference; fileEncoding = 4; lastKnownFileType = sourcecode.c.h; path = PersonalCell.h; sourceTree = "<group>"; };
		2953F43D1D18D6C400CDCDBF /* PersonalCell.m */ = {isa = PBXFileReference; fileEncoding = 4; lastKnownFileType = sourcecode.c.objc; path = PersonalCell.m; sourceTree = "<group>"; };
		2953F43E1D18D6C400CDCDBF /* PersonalCell.xib */ = {isa = PBXFileReference; fileEncoding = 4; lastKnownFileType = file.xib; path = PersonalCell.xib; sourceTree = "<group>"; };
		2958F7851D2A5BF400E318A7 /* PersonalHeaderView.h */ = {isa = PBXFileReference; fileEncoding = 4; lastKnownFileType = sourcecode.c.h; path = PersonalHeaderView.h; sourceTree = "<group>"; };
		2958F7861D2A5BF400E318A7 /* PersonalHeaderView.m */ = {isa = PBXFileReference; fileEncoding = 4; lastKnownFileType = sourcecode.c.objc; path = PersonalHeaderView.m; sourceTree = "<group>"; };
		2958F78D1D2A5CA900E318A7 /* PersonalHeaderView.xib */ = {isa = PBXFileReference; fileEncoding = 4; lastKnownFileType = file.xib; path = PersonalHeaderView.xib; sourceTree = "<group>"; };
		295AC3D81D2DF52600A7BC93 /* Tools.h */ = {isa = PBXFileReference; fileEncoding = 4; lastKnownFileType = sourcecode.c.h; path = Tools.h; sourceTree = "<group>"; };
		295AC3D91D2DF52600A7BC93 /* Tools.m */ = {isa = PBXFileReference; fileEncoding = 4; lastKnownFileType = sourcecode.c.objc; path = Tools.m; sourceTree = "<group>"; };
		29623E6C1CD0944800DEE393 /* Base */ = {isa = PBXFileReference; lastKnownFileType = file.storyboard; name = Base; path = Base.lproj/Main.storyboard; sourceTree = "<group>"; };
		29665F271D27901D00122B9A /* LocaldData.h */ = {isa = PBXFileReference; fileEncoding = 4; lastKnownFileType = sourcecode.c.h; path = LocaldData.h; sourceTree = "<group>"; };
		29665F281D27901D00122B9A /* LocaldData.m */ = {isa = PBXFileReference; fileEncoding = 4; lastKnownFileType = sourcecode.c.objc; path = LocaldData.m; sourceTree = "<group>"; };
		296A44F81D23760B00D6223F /* UserInfoModel.h */ = {isa = PBXFileReference; fileEncoding = 4; lastKnownFileType = sourcecode.c.h; path = UserInfoModel.h; sourceTree = "<group>"; };
		296A44F91D23760B00D6223F /* UserInfoModel.m */ = {isa = PBXFileReference; fileEncoding = 4; lastKnownFileType = sourcecode.c.objc; path = UserInfoModel.m; sourceTree = "<group>"; };
		296A44FC1D23D92000D6223F /* Indiana-Prefix.pch */ = {isa = PBXFileReference; fileEncoding = 4; lastKnownFileType = sourcecode.c.h; path = "Indiana-Prefix.pch"; sourceTree = "<group>"; };
		296AF2DC1D40CC5400C22DA6 /* PayService.h */ = {isa = PBXFileReference; fileEncoding = 4; lastKnownFileType = sourcecode.c.h; path = PayService.h; sourceTree = "<group>"; };
		296AF2DD1D40CC5400C22DA6 /* PayService.m */ = {isa = PBXFileReference; fileEncoding = 4; lastKnownFileType = sourcecode.c.objc; path = PayService.m; sourceTree = "<group>"; };
		297132FB1D1D2BE40086BF2E /* LoginRootViewController.h */ = {isa = PBXFileReference; fileEncoding = 4; lastKnownFileType = sourcecode.c.h; path = LoginRootViewController.h; sourceTree = "<group>"; };
		297132FC1D1D2BE40086BF2E /* LoginRootViewController.m */ = {isa = PBXFileReference; fileEncoding = 4; lastKnownFileType = sourcecode.c.objc; path = LoginRootViewController.m; sourceTree = "<group>"; };
		297132FD1D1D2BE40086BF2E /* LoginViewController.h */ = {isa = PBXFileReference; fileEncoding = 4; lastKnownFileType = sourcecode.c.h; path = LoginViewController.h; sourceTree = "<group>"; };
		297132FE1D1D2BE40086BF2E /* LoginViewController.m */ = {isa = PBXFileReference; fileEncoding = 4; lastKnownFileType = sourcecode.c.objc; path = LoginViewController.m; sourceTree = "<group>"; };
		297133051D1D2BE40086BF2E /* RegisterFooterView.xib */ = {isa = PBXFileReference; fileEncoding = 4; lastKnownFileType = file.xib; path = RegisterFooterView.xib; sourceTree = "<group>"; };
		297133161D1D3B150086BF2E /* RegisterViewController.h */ = {isa = PBXFileReference; fileEncoding = 4; lastKnownFileType = sourcecode.c.h; path = RegisterViewController.h; sourceTree = "<group>"; };
		297133171D1D3B150086BF2E /* RegisterViewController.m */ = {isa = PBXFileReference; fileEncoding = 4; lastKnownFileType = sourcecode.c.objc; path = RegisterViewController.m; sourceTree = "<group>"; };
		2971331E1D1D3E6D0086BF2E /* VerifyCodeCell.h */ = {isa = PBXFileReference; fileEncoding = 4; lastKnownFileType = sourcecode.c.h; path = VerifyCodeCell.h; sourceTree = "<group>"; };
		2971331F1D1D3E6D0086BF2E /* VerifyCodeCell.m */ = {isa = PBXFileReference; fileEncoding = 4; lastKnownFileType = sourcecode.c.objc; path = VerifyCodeCell.m; sourceTree = "<group>"; };
		297133201D1D3E6D0086BF2E /* VerifyCodeCell.xib */ = {isa = PBXFileReference; fileEncoding = 4; lastKnownFileType = file.xib; path = VerifyCodeCell.xib; sourceTree = "<group>"; };
		297512311D13F3F800C8917E /* LatestResultViewController.h */ = {isa = PBXFileReference; fileEncoding = 4; lastKnownFileType = sourcecode.c.h; path = LatestResultViewController.h; sourceTree = "<group>"; };
		297512321D13F3F800C8917E /* LatestResultViewController.m */ = {isa = PBXFileReference; fileEncoding = 4; lastKnownFileType = sourcecode.c.objc; path = LatestResultViewController.m; sourceTree = "<group>"; };
		297512341D13F44A00C8917E /* TreasureListViewController.h */ = {isa = PBXFileReference; fileEncoding = 4; lastKnownFileType = sourcecode.c.h; path = TreasureListViewController.h; sourceTree = "<group>"; };
		297512351D13F44A00C8917E /* TreasureListViewController.m */ = {isa = PBXFileReference; fileEncoding = 4; lastKnownFileType = sourcecode.c.objc; path = TreasureListViewController.m; sourceTree = "<group>"; };
		297512371D13F47000C8917E /* ShowOrdersViewController.h */ = {isa = PBXFileReference; fileEncoding = 4; lastKnownFileType = sourcecode.c.h; path = ShowOrdersViewController.h; sourceTree = "<group>"; };
		297512381D13F47000C8917E /* ShowOrdersViewController.m */ = {isa = PBXFileReference; fileEncoding = 4; lastKnownFileType = sourcecode.c.objc; path = ShowOrdersViewController.m; sourceTree = "<group>"; };
		2975123A1D13F48900C8917E /* ShoppingListsViewController.h */ = {isa = PBXFileReference; fileEncoding = 4; lastKnownFileType = sourcecode.c.h; path = ShoppingListsViewController.h; sourceTree = "<group>"; };
		2975123B1D13F48900C8917E /* ShoppingListsViewController.m */ = {isa = PBXFileReference; fileEncoding = 4; lastKnownFileType = sourcecode.c.objc; path = ShoppingListsViewController.m; sourceTree = "<group>"; };
		2975123D1D13F49D00C8917E /* PersonalViewController.h */ = {isa = PBXFileReference; fileEncoding = 4; lastKnownFileType = sourcecode.c.h; path = PersonalViewController.h; sourceTree = "<group>"; };
		2975123E1D13F49D00C8917E /* PersonalViewController.m */ = {isa = PBXFileReference; fileEncoding = 4; lastKnownFileType = sourcecode.c.objc; path = PersonalViewController.m; sourceTree = "<group>"; };
		2975BA861D221C210077448E /* LbTfCell.h */ = {isa = PBXFileReference; fileEncoding = 4; lastKnownFileType = sourcecode.c.h; path = LbTfCell.h; sourceTree = "<group>"; };
		2975BA871D221C210077448E /* LbTfCell.m */ = {isa = PBXFileReference; fileEncoding = 4; lastKnownFileType = sourcecode.c.objc; path = LbTfCell.m; sourceTree = "<group>"; };
		2975BA881D221C210077448E /* LbTfCell.xib */ = {isa = PBXFileReference; fileEncoding = 4; lastKnownFileType = file.xib; path = LbTfCell.xib; sourceTree = "<group>"; };
		2975BA8B1D221CE90077448E /* ForgetPwdCell.h */ = {isa = PBXFileReference; fileEncoding = 4; lastKnownFileType = sourcecode.c.h; path = ForgetPwdCell.h; sourceTree = "<group>"; };
		2975BA8C1D221CE90077448E /* ForgetPwdCell.m */ = {isa = PBXFileReference; fileEncoding = 4; lastKnownFileType = sourcecode.c.objc; path = ForgetPwdCell.m; sourceTree = "<group>"; };
		2975BA8D1D221CE90077448E /* ForgetPwdCell.xib */ = {isa = PBXFileReference; fileEncoding = 4; lastKnownFileType = file.xib; path = ForgetPwdCell.xib; sourceTree = "<group>"; };
		2975BA931D221DEF0077448E /* LoginFooterView.xib */ = {isa = PBXFileReference; fileEncoding = 4; lastKnownFileType = file.xib; path = LoginFooterView.xib; sourceTree = "<group>"; };
		2975BA951D2228430077448E /* RegisterFooterView.h */ = {isa = PBXFileReference; fileEncoding = 4; lastKnownFileType = sourcecode.c.h; path = RegisterFooterView.h; sourceTree = "<group>"; };
		2975BA961D2228430077448E /* RegisterFooterView.m */ = {isa = PBXFileReference; fileEncoding = 4; lastKnownFileType = sourcecode.c.objc; path = RegisterFooterView.m; sourceTree = "<group>"; };
		2975BA981D222B040077448E /* LoginFooterView.h */ = {isa = PBXFileReference; fileEncoding = 4; lastKnownFileType = sourcecode.c.h; path = LoginFooterView.h; sourceTree = "<group>"; };
		2975BA991D222B040077448E /* LoginFooterView.m */ = {isa = PBXFileReference; fileEncoding = 4; lastKnownFileType = sourcecode.c.objc; path = LoginFooterView.m; sourceTree = "<group>"; };
		2975BA9B1D22652E0077448E /* ImageIO.framework */ = {isa = PBXFileReference; lastKnownFileType = wrapper.framework; name = ImageIO.framework; path = System/Library/Frameworks/ImageIO.framework; sourceTree = SDKROOT; };
		2975BA9D1D22653F0077448E /* Security.framework */ = {isa = PBXFileReference; lastKnownFileType = wrapper.framework; name = Security.framework; path = System/Library/Frameworks/Security.framework; sourceTree = SDKROOT; };
		2975BA9F1D2265FA0077448E /* libiconv.tbd */ = {isa = PBXFileReference; lastKnownFileType = "sourcecode.text-based-dylib-definition"; name = libiconv.tbd; path = usr/lib/libiconv.tbd; sourceTree = SDKROOT; };
		2975BAA11D22661E0077448E /* CoreGraphics.framework */ = {isa = PBXFileReference; lastKnownFileType = wrapper.framework; name = CoreGraphics.framework; path = System/Library/Frameworks/CoreGraphics.framework; sourceTree = SDKROOT; };
		2975BAA31D22662C0077448E /* libsqlite3.tbd */ = {isa = PBXFileReference; lastKnownFileType = "sourcecode.text-based-dylib-definition"; name = libsqlite3.tbd; path = usr/lib/libsqlite3.tbd; sourceTree = SDKROOT; };
		2975BAA51D2266380077448E /* CoreTelephony.framework */ = {isa = PBXFileReference; lastKnownFileType = wrapper.framework; name = CoreTelephony.framework; path = System/Library/Frameworks/CoreTelephony.framework; sourceTree = SDKROOT; };
		2975BAA71D2266450077448E /* libstdc++.tbd */ = {isa = PBXFileReference; lastKnownFileType = "sourcecode.text-based-dylib-definition"; name = "libstdc++.tbd"; path = "usr/lib/libstdc++.tbd"; sourceTree = SDKROOT; };
		2975BAA91D2266520077448E /* libz.tbd */ = {isa = PBXFileReference; lastKnownFileType = "sourcecode.text-based-dylib-definition"; name = libz.tbd; path = usr/lib/libz.tbd; sourceTree = SDKROOT; };
		2975BAAB1D226BDB0077448E /* LoginModel.h */ = {isa = PBXFileReference; fileEncoding = 4; lastKnownFileType = sourcecode.c.h; path = LoginModel.h; sourceTree = "<group>"; };
		2975BAAC1D226BDB0077448E /* LoginModel.m */ = {isa = PBXFileReference; fileEncoding = 4; lastKnownFileType = sourcecode.c.objc; path = LoginModel.m; sourceTree = "<group>"; };
		2985F65B1CC094A800ED5DDA /* AppDelegate.h */ = {isa = PBXFileReference; fileEncoding = 4; lastKnownFileType = sourcecode.c.h; path = AppDelegate.h; sourceTree = "<group>"; };
		2985F65C1CC094A800ED5DDA /* AppDelegate.m */ = {isa = PBXFileReference; fileEncoding = 4; lastKnownFileType = sourcecode.c.objc; path = AppDelegate.m; sourceTree = "<group>"; };
		2985F6741CC094C600ED5DDA /* BaseViewController.h */ = {isa = PBXFileReference; fileEncoding = 4; lastKnownFileType = sourcecode.c.h; path = BaseViewController.h; sourceTree = "<group>"; };
		2985F6751CC094C600ED5DDA /* BaseViewController.m */ = {isa = PBXFileReference; fileEncoding = 4; lastKnownFileType = sourcecode.c.objc; path = BaseViewController.m; sourceTree = "<group>"; };
		2985F6771CC094FB00ED5DDA /* TabBarController.h */ = {isa = PBXFileReference; fileEncoding = 4; lastKnownFileType = sourcecode.c.h; path = TabBarController.h; sourceTree = "<group>"; };
		2985F6781CC094FB00ED5DDA /* TabBarController.m */ = {isa = PBXFileReference; fileEncoding = 4; lastKnownFileType = sourcecode.c.objc; path = TabBarController.m; sourceTree = "<group>"; };
		2988877A1D2CFA410008DD14 /* RechargeRecordCell.h */ = {isa = PBXFileReference; fileEncoding = 4; lastKnownFileType = sourcecode.c.h; path = RechargeRecordCell.h; sourceTree = "<group>"; };
		2988877B1D2CFA410008DD14 /* RechargeRecordCell.m */ = {isa = PBXFileReference; fileEncoding = 4; lastKnownFileType = sourcecode.c.objc; path = RechargeRecordCell.m; sourceTree = "<group>"; };
		2988877C1D2CFA410008DD14 /* RechargeRecordCell.xib */ = {isa = PBXFileReference; fileEncoding = 4; lastKnownFileType = file.xib; path = RechargeRecordCell.xib; sourceTree = "<group>"; };
		2988877F1D2CFA750008DD14 /* RechargeRecordViewController.h */ = {isa = PBXFileReference; fileEncoding = 4; lastKnownFileType = sourcecode.c.h; path = RechargeRecordViewController.h; sourceTree = "<group>"; };
		298887801D2CFA750008DD14 /* RechargeRecordViewController.m */ = {isa = PBXFileReference; fileEncoding = 4; lastKnownFileType = sourcecode.c.objc; path = RechargeRecordViewController.m; sourceTree = "<group>"; };
		298887811D2CFA750008DD14 /* RechargeRecordViewController.xib */ = {isa = PBXFileReference; fileEncoding = 4; lastKnownFileType = file.xib; path = RechargeRecordViewController.xib; sourceTree = "<group>"; };
		298887841D2D05E90008DD14 /* RechargeRecordModel.h */ = {isa = PBXFileReference; fileEncoding = 4; lastKnownFileType = sourcecode.c.h; path = RechargeRecordModel.h; sourceTree = "<group>"; };
		298887851D2D05E90008DD14 /* RechargeRecordModel.m */ = {isa = PBXFileReference; fileEncoding = 4; lastKnownFileType = sourcecode.c.objc; path = RechargeRecordModel.m; sourceTree = "<group>"; };
		298887871D2D0D330008DD14 /* RechargeRecordListModel.h */ = {isa = PBXFileReference; fileEncoding = 4; lastKnownFileType = sourcecode.c.h; path = RechargeRecordListModel.h; sourceTree = "<group>"; };
		298887881D2D0D340008DD14 /* RechargeRecordListModel.m */ = {isa = PBXFileReference; fileEncoding = 4; lastKnownFileType = sourcecode.c.objc; path = RechargeRecordListModel.m; sourceTree = "<group>"; };
		298F8BE21D45FF00000A8791 /* icon.png */ = {isa = PBXFileReference; lastKnownFileType = image.png; path = icon.png; sourceTree = "<group>"; };
		459905CD53B2FB9E55E4B624 /* Pods.debug.xcconfig */ = {isa = PBXFileReference; includeInIndex = 1; lastKnownFileType = text.xcconfig; name = Pods.debug.xcconfig; path = "Pods/Target Support Files/Pods/Pods.debug.xcconfig"; sourceTree = "<group>"; };
		5505E23C1D2559AA00769B3C /* GoodsListModel.h */ = {isa = PBXFileReference; fileEncoding = 4; lastKnownFileType = sourcecode.c.h; path = GoodsListModel.h; sourceTree = "<group>"; };
		5505E23D1D2559AA00769B3C /* GoodsListModel.m */ = {isa = PBXFileReference; fileEncoding = 4; lastKnownFileType = sourcecode.c.objc; path = GoodsListModel.m; sourceTree = "<group>"; };
		5505E23F1D3365AE00769B3C /* OrdersListViewController.h */ = {isa = PBXFileReference; fileEncoding = 4; lastKnownFileType = sourcecode.c.h; path = OrdersListViewController.h; sourceTree = "<group>"; };
		5505E2401D3365AE00769B3C /* OrdersListViewController.m */ = {isa = PBXFileReference; fileEncoding = 4; lastKnownFileType = sourcecode.c.objc; path = OrdersListViewController.m; sourceTree = "<group>"; };
		5505E2441D3365CD00769B3C /* OrdersModel.h */ = {isa = PBXFileReference; fileEncoding = 4; lastKnownFileType = sourcecode.c.h; path = OrdersModel.h; sourceTree = "<group>"; };
		5505E2451D3365CD00769B3C /* OrdersModel.m */ = {isa = PBXFileReference; fileEncoding = 4; lastKnownFileType = sourcecode.c.objc; path = OrdersModel.m; sourceTree = "<group>"; };
		5505E2471D3365E600769B3C /* OrdersListModel.h */ = {isa = PBXFileReference; fileEncoding = 4; lastKnownFileType = sourcecode.c.h; path = OrdersListModel.h; sourceTree = "<group>"; };
		5505E2481D3365E600769B3C /* OrdersListModel.m */ = {isa = PBXFileReference; fileEncoding = 4; lastKnownFileType = sourcecode.c.objc; path = OrdersListModel.m; sourceTree = "<group>"; };
		5505E24A1D336DF000769B3C /* Orders.storyboard */ = {isa = PBXFileReference; fileEncoding = 4; lastKnownFileType = file.storyboard; path = Orders.storyboard; sourceTree = "<group>"; };
		5505E24C1D33742000769B3C /* OrdersHeaderView.h */ = {isa = PBXFileReference; fileEncoding = 4; lastKnownFileType = sourcecode.c.h; path = OrdersHeaderView.h; sourceTree = "<group>"; };
		5505E24D1D33742000769B3C /* OrdersHeaderView.m */ = {isa = PBXFileReference; fileEncoding = 4; lastKnownFileType = sourcecode.c.objc; path = OrdersHeaderView.m; sourceTree = "<group>"; };
		5505E2521D3374B000769B3C /* OrdersCell.h */ = {isa = PBXFileReference; fileEncoding = 4; lastKnownFileType = sourcecode.c.h; path = OrdersCell.h; sourceTree = "<group>"; };
		5505E2531D3374B000769B3C /* OrdersCell.m */ = {isa = PBXFileReference; fileEncoding = 4; lastKnownFileType = sourcecode.c.objc; path = OrdersCell.m; sourceTree = "<group>"; };
		5505E2541D3374B000769B3C /* OrdersCell.xib */ = {isa = PBXFileReference; fileEncoding = 4; lastKnownFileType = file.xib; path = OrdersCell.xib; sourceTree = "<group>"; };
		76037CCA1CBF8B4F00D72AA7 /* Indiana.app */ = {isa = PBXFileReference; explicitFileType = wrapper.application; includeInIndex = 0; path = Indiana.app; sourceTree = BUILT_PRODUCTS_DIR; };
		76037CCE1CBF8B4F00D72AA7 /* main.m */ = {isa = PBXFileReference; lastKnownFileType = sourcecode.c.objc; path = main.m; sourceTree = "<group>"; };
		76037CD91CBF8B4F00D72AA7 /* Assets.xcassets */ = {isa = PBXFileReference; lastKnownFileType = folder.assetcatalog; path = Assets.xcassets; sourceTree = "<group>"; };
		76037CDC1CBF8B4F00D72AA7 /* Base */ = {isa = PBXFileReference; lastKnownFileType = file.storyboard; name = Base; path = Base.lproj/LaunchScreen.storyboard; sourceTree = "<group>"; };
		76037CDE1CBF8B4F00D72AA7 /* Info.plist */ = {isa = PBXFileReference; lastKnownFileType = text.plist.xml; path = Info.plist; sourceTree = "<group>"; };
		76037CE31CBF8B4F00D72AA7 /* IndianaTests.xctest */ = {isa = PBXFileReference; explicitFileType = wrapper.cfbundle; includeInIndex = 0; path = IndianaTests.xctest; sourceTree = BUILT_PRODUCTS_DIR; };
		76037CE71CBF8B4F00D72AA7 /* IndianaTests.m */ = {isa = PBXFileReference; lastKnownFileType = sourcecode.c.objc; path = IndianaTests.m; sourceTree = "<group>"; };
		76037CE91CBF8B4F00D72AA7 /* Info.plist */ = {isa = PBXFileReference; lastKnownFileType = text.plist.xml; path = Info.plist; sourceTree = "<group>"; };
		76037CEE1CBF8B4F00D72AA7 /* IndianaUITests.xctest */ = {isa = PBXFileReference; explicitFileType = wrapper.cfbundle; includeInIndex = 0; path = IndianaUITests.xctest; sourceTree = BUILT_PRODUCTS_DIR; };
		76037CF21CBF8B4F00D72AA7 /* IndianaUITests.m */ = {isa = PBXFileReference; lastKnownFileType = sourcecode.c.objc; path = IndianaUITests.m; sourceTree = "<group>"; };
		76037CF41CBF8B4F00D72AA7 /* Info.plist */ = {isa = PBXFileReference; lastKnownFileType = text.plist.xml; path = Info.plist; sourceTree = "<group>"; };
		76039A031CC0EC1200F486C8 /* SystemConfiguration.framework */ = {isa = PBXFileReference; lastKnownFileType = wrapper.framework; name = SystemConfiguration.framework; path = System/Library/Frameworks/SystemConfiguration.framework; sourceTree = SDKROOT; };
		7609838D1D20D3DE0048AC46 /* GoodsDetailHeaderView.h */ = {isa = PBXFileReference; fileEncoding = 4; lastKnownFileType = sourcecode.c.h; path = GoodsDetailHeaderView.h; sourceTree = "<group>"; };
		7609838E1D20D3DE0048AC46 /* GoodsDetailHeaderView.m */ = {isa = PBXFileReference; fileEncoding = 4; lastKnownFileType = sourcecode.c.objc; path = GoodsDetailHeaderView.m; sourceTree = "<group>"; };
		760983901D20D3FD0048AC46 /* GoodsDetailHeaderView.xib */ = {isa = PBXFileReference; fileEncoding = 4; lastKnownFileType = file.xib; path = GoodsDetailHeaderView.xib; sourceTree = "<group>"; };
		760A05DF1D1D0D240001B234 /* GoodsDetailTableViewCell.h */ = {isa = PBXFileReference; fileEncoding = 4; lastKnownFileType = sourcecode.c.h; path = GoodsDetailTableViewCell.h; sourceTree = "<group>"; };
		760A05E01D1D0D240001B234 /* GoodsDetailTableViewCell.m */ = {isa = PBXFileReference; fileEncoding = 4; lastKnownFileType = sourcecode.c.objc; path = GoodsDetailTableViewCell.m; sourceTree = "<group>"; };
		760A05E11D1D0D240001B234 /* GoodsDetailTableViewCell.xib */ = {isa = PBXFileReference; fileEncoding = 4; lastKnownFileType = file.xib; path = GoodsDetailTableViewCell.xib; sourceTree = "<group>"; };
		760A05E41D1D36E80001B234 /* GoodsDetail.storyboard */ = {isa = PBXFileReference; fileEncoding = 4; lastKnownFileType = file.storyboard; path = GoodsDetail.storyboard; sourceTree = "<group>"; };
		760F02381D1BAC6100E1561C /* HeaderCollectionReusableView.h */ = {isa = PBXFileReference; fileEncoding = 4; lastKnownFileType = sourcecode.c.h; path = HeaderCollectionReusableView.h; sourceTree = "<group>"; };
		760F02391D1BAC6100E1561C /* HeaderCollectionReusableView.m */ = {isa = PBXFileReference; fileEncoding = 4; lastKnownFileType = sourcecode.c.objc; path = HeaderCollectionReusableView.m; sourceTree = "<group>"; };
		760F023A1D1BAC6100E1561C /* HeaderCollectionReusableView.xib */ = {isa = PBXFileReference; fileEncoding = 4; lastKnownFileType = file.xib; path = HeaderCollectionReusableView.xib; sourceTree = "<group>"; };
		760F02451D1BDF2500E1561C /* GoodsDetailViewController.h */ = {isa = PBXFileReference; fileEncoding = 4; lastKnownFileType = sourcecode.c.h; path = GoodsDetailViewController.h; sourceTree = "<group>"; };
		760F02461D1BDF2500E1561C /* GoodsDetailViewController.m */ = {isa = PBXFileReference; fileEncoding = 4; lastKnownFileType = sourcecode.c.objc; path = GoodsDetailViewController.m; sourceTree = "<group>"; };
		7613CF0B1CCDFC2F00195D22 /* DataService.h */ = {isa = PBXFileReference; fileEncoding = 4; lastKnownFileType = sourcecode.c.h; path = DataService.h; sourceTree = "<group>"; };
		7613CF0C1CCDFC2F00195D22 /* DataService.m */ = {isa = PBXFileReference; fileEncoding = 4; lastKnownFileType = sourcecode.c.objc; path = DataService.m; sourceTree = "<group>"; };
		763405541D2A65890033DF4F /* LastResultView.h */ = {isa = PBXFileReference; fileEncoding = 4; lastKnownFileType = sourcecode.c.h; path = LastResultView.h; sourceTree = "<group>"; };
		763405551D2A65890033DF4F /* LastResultView.m */ = {isa = PBXFileReference; fileEncoding = 4; lastKnownFileType = sourcecode.c.objc; path = LastResultView.m; sourceTree = "<group>"; };
		76454F611D24FEB0004840E4 /* GoodsModel.h */ = {isa = PBXFileReference; fileEncoding = 4; lastKnownFileType = sourcecode.c.h; path = GoodsModel.h; sourceTree = "<group>"; };
		76454F621D24FEB0004840E4 /* GoodsModel.m */ = {isa = PBXFileReference; fileEncoding = 4; lastKnownFileType = sourcecode.c.objc; path = GoodsModel.m; sourceTree = "<group>"; };
		764E7AD51D228F5300FC24CB /* GoodsPayViewController.h */ = {isa = PBXFileReference; fileEncoding = 4; lastKnownFileType = sourcecode.c.h; path = GoodsPayViewController.h; sourceTree = "<group>"; };
		764E7AD61D228F5300FC24CB /* GoodsPayViewController.m */ = {isa = PBXFileReference; fileEncoding = 4; lastKnownFileType = sourcecode.c.objc; path = GoodsPayViewController.m; sourceTree = "<group>"; };
		76B4B11A1D22940F00B15AD2 /* PayView.xib */ = {isa = PBXFileReference; fileEncoding = 4; lastKnownFileType = file.xib; path = PayView.xib; sourceTree = "<group>"; };
		76B4B11C1D22942100B15AD2 /* PayView.h */ = {isa = PBXFileReference; fileEncoding = 4; lastKnownFileType = sourcecode.c.h; path = PayView.h; sourceTree = "<group>"; };
		76B4B11D1D22942100B15AD2 /* PayView.m */ = {isa = PBXFileReference; fileEncoding = 4; lastKnownFileType = sourcecode.c.objc; path = PayView.m; sourceTree = "<group>"; };
		76BAF2AF1D1935AB00553696 /* GoodsCollectionViewCell.h */ = {isa = PBXFileReference; fileEncoding = 4; lastKnownFileType = sourcecode.c.h; path = GoodsCollectionViewCell.h; sourceTree = "<group>"; };
		76BAF2B01D1935AB00553696 /* GoodsCollectionViewCell.m */ = {isa = PBXFileReference; fileEncoding = 4; lastKnownFileType = sourcecode.c.objc; path = GoodsCollectionViewCell.m; sourceTree = "<group>"; };
		76BAF2B11D1935AB00553696 /* GoodsCollectionViewCell.xib */ = {isa = PBXFileReference; fileEncoding = 4; lastKnownFileType = file.xib; path = GoodsCollectionViewCell.xib; sourceTree = "<group>"; };
		76F867441D34E4D200029BF6 /* OrderListViewController.h */ = {isa = PBXFileReference; fileEncoding = 4; lastKnownFileType = sourcecode.c.h; path = OrderListViewController.h; sourceTree = "<group>"; };
		76F867451D34E4D200029BF6 /* OrderListViewController.m */ = {isa = PBXFileReference; fileEncoding = 4; lastKnownFileType = sourcecode.c.objc; path = OrderListViewController.m; sourceTree = "<group>"; };
		76FA5CFC1D377F9400AB20B6 /* ShowListViewController.h */ = {isa = PBXFileReference; fileEncoding = 4; lastKnownFileType = sourcecode.c.h; path = ShowListViewController.h; sourceTree = "<group>"; };
		76FA5CFD1D377F9400AB20B6 /* ShowListViewController.m */ = {isa = PBXFileReference; fileEncoding = 4; lastKnownFileType = sourcecode.c.objc; path = ShowListViewController.m; sourceTree = "<group>"; };
		76FA5CFF1D3781C800AB20B6 /* ShowResultViewController.h */ = {isa = PBXFileReference; fileEncoding = 4; lastKnownFileType = sourcecode.c.h; path = ShowResultViewController.h; sourceTree = "<group>"; };
		76FA5D001D3781C800AB20B6 /* ShowResultViewController.m */ = {isa = PBXFileReference; fileEncoding = 4; lastKnownFileType = sourcecode.c.objc; path = ShowResultViewController.m; sourceTree = "<group>"; };
		76FE6C8F1D24C300009C740B /* SelectBuyTimes.h */ = {isa = PBXFileReference; fileEncoding = 4; lastKnownFileType = sourcecode.c.h; path = SelectBuyTimes.h; sourceTree = "<group>"; };
		76FE6C901D24C300009C740B /* SelectBuyTimes.m */ = {isa = PBXFileReference; fileEncoding = 4; lastKnownFileType = sourcecode.c.objc; path = SelectBuyTimes.m; sourceTree = "<group>"; };
		76FE6C921D24C318009C740B /* SelectBuytimes.xib */ = {isa = PBXFileReference; fileEncoding = 4; lastKnownFileType = file.xib; path = SelectBuytimes.xib; sourceTree = "<group>"; };
		CA116AEA8B6F229310F6F10E /* Pods.release.xcconfig */ = {isa = PBXFileReference; includeInIndex = 1; lastKnownFileType = text.xcconfig; name = Pods.release.xcconfig; path = "Pods/Target Support Files/Pods/Pods.release.xcconfig"; sourceTree = "<group>"; };
/* End PBXFileReference section */

/* Begin PBXFrameworksBuildPhase section */
		76037CC71CBF8B4F00D72AA7 /* Frameworks */ = {
			isa = PBXFrameworksBuildPhase;
			buildActionMask = 2147483647;
			files = (
				2975BAAA1D2266520077448E /* libz.tbd in Frameworks */,
				2975BAA81D2266450077448E /* libstdc++.tbd in Frameworks */,
				2975BAA61D2266380077448E /* CoreTelephony.framework in Frameworks */,
				2975BAA41D22662C0077448E /* libsqlite3.tbd in Frameworks */,
				2975BAA21D22661E0077448E /* CoreGraphics.framework in Frameworks */,
				76039A041CC0EC1200F486C8 /* SystemConfiguration.framework in Frameworks */,
				2975BAA01D2265FA0077448E /* libiconv.tbd in Frameworks */,
				2975BA9E1D22653F0077448E /* Security.framework in Frameworks */,
				2975BA9C1D22652E0077448E /* ImageIO.framework in Frameworks */,
				038BF5F78328C5E09B8B98A6 /* libPods.a in Frameworks */,
			);
			runOnlyForDeploymentPostprocessing = 0;
		};
		76037CE01CBF8B4F00D72AA7 /* Frameworks */ = {
			isa = PBXFrameworksBuildPhase;
			buildActionMask = 2147483647;
			files = (
			);
			runOnlyForDeploymentPostprocessing = 0;
		};
		76037CEB1CBF8B4F00D72AA7 /* Frameworks */ = {
			isa = PBXFrameworksBuildPhase;
			buildActionMask = 2147483647;
			files = (
			);
			runOnlyForDeploymentPostprocessing = 0;
		};
/* End PBXFrameworksBuildPhase section */

/* Begin PBXGroup section */
		297132F91D1D2BE40086BF2E /* Login */ = {
			isa = PBXGroup;
			children = (
				297132FA1D1D2BE40086BF2E /* Controller */,
				297133011D1D2BE40086BF2E /* Model */,
				297133021D1D2BE40086BF2E /* View */,
			);
			path = Login;
			sourceTree = "<group>";
		};
		297132FA1D1D2BE40086BF2E /* Controller */ = {
			isa = PBXGroup;
			children = (
				297132FB1D1D2BE40086BF2E /* LoginRootViewController.h */,
				297132FC1D1D2BE40086BF2E /* LoginRootViewController.m */,
				297132FD1D1D2BE40086BF2E /* LoginViewController.h */,
				297132FE1D1D2BE40086BF2E /* LoginViewController.m */,
				297133161D1D3B150086BF2E /* RegisterViewController.h */,
				297133171D1D3B150086BF2E /* RegisterViewController.m */,
			);
			path = Controller;
			sourceTree = "<group>";
		};
		297133011D1D2BE40086BF2E /* Model */ = {
			isa = PBXGroup;
			children = (
				2975BAAB1D226BDB0077448E /* LoginModel.h */,
				2975BAAC1D226BDB0077448E /* LoginModel.m */,
			);
			path = Model;
			sourceTree = "<group>";
		};
		297133021D1D2BE40086BF2E /* View */ = {
			isa = PBXGroup;
			children = (
				2975BA951D2228430077448E /* RegisterFooterView.h */,
				2975BA961D2228430077448E /* RegisterFooterView.m */,
				297133051D1D2BE40086BF2E /* RegisterFooterView.xib */,
				2975BA981D222B040077448E /* LoginFooterView.h */,
				2975BA991D222B040077448E /* LoginFooterView.m */,
				2975BA931D221DEF0077448E /* LoginFooterView.xib */,
				2971331E1D1D3E6D0086BF2E /* VerifyCodeCell.h */,
				2971331F1D1D3E6D0086BF2E /* VerifyCodeCell.m */,
				297133201D1D3E6D0086BF2E /* VerifyCodeCell.xib */,
				2975BA861D221C210077448E /* LbTfCell.h */,
				2975BA871D221C210077448E /* LbTfCell.m */,
				2975BA881D221C210077448E /* LbTfCell.xib */,
				2975BA8B1D221CE90077448E /* ForgetPwdCell.h */,
				2975BA8C1D221CE90077448E /* ForgetPwdCell.m */,
				2975BA8D1D221CE90077448E /* ForgetPwdCell.xib */,
			);
			path = View;
			sourceTree = "<group>";
		};
		2975121D1D13F3B400C8917E /* LatestResult */ = {
			isa = PBXGroup;
			children = (
				2975121E1D13F3B400C8917E /* Controller */,
				2975121F1D13F3B400C8917E /* Model */,
				297512201D13F3B400C8917E /* View */,
			);
			path = LatestResult;
			sourceTree = "<group>";
		};
		2975121E1D13F3B400C8917E /* Controller */ = {
			isa = PBXGroup;
			children = (
				297512311D13F3F800C8917E /* LatestResultViewController.h */,
				297512321D13F3F800C8917E /* LatestResultViewController.m */,
			);
			path = Controller;
			sourceTree = "<group>";
		};
		2975121F1D13F3B400C8917E /* Model */ = {
			isa = PBXGroup;
			children = (
			);
			path = Model;
			sourceTree = "<group>";
		};
		297512201D13F3B400C8917E /* View */ = {
			isa = PBXGroup;
			children = (
			);
			path = View;
			sourceTree = "<group>";
		};
		297512211D13F3B400C8917E /* Personal */ = {
			isa = PBXGroup;
			children = (
				297512221D13F3B400C8917E /* Controller */,
				297512231D13F3B400C8917E /* Model */,
				297512241D13F3B400C8917E /* View */,
			);
			path = Personal;
			sourceTree = "<group>";
		};
		297512221D13F3B400C8917E /* Controller */ = {
			isa = PBXGroup;
			children = (
				2975123D1D13F49D00C8917E /* PersonalViewController.h */,
				2975123E1D13F49D00C8917E /* PersonalViewController.m */,
				298F8BE21D45FF00000A8791 /* icon.png */,
				2988877F1D2CFA750008DD14 /* RechargeRecordViewController.h */,
				298887801D2CFA750008DD14 /* RechargeRecordViewController.m */,
				298887811D2CFA750008DD14 /* RechargeRecordViewController.xib */,
				5505E23F1D3365AE00769B3C /* OrdersListViewController.h */,
				5505E2401D3365AE00769B3C /* OrdersListViewController.m */,
			);
			path = Controller;
			sourceTree = "<group>";
		};
		297512231D13F3B400C8917E /* Model */ = {
			isa = PBXGroup;
			children = (
				296A44F81D23760B00D6223F /* UserInfoModel.h */,
				296A44F91D23760B00D6223F /* UserInfoModel.m */,
				298887841D2D05E90008DD14 /* RechargeRecordModel.h */,
				298887851D2D05E90008DD14 /* RechargeRecordModel.m */,
				298887871D2D0D330008DD14 /* RechargeRecordListModel.h */,
				298887881D2D0D340008DD14 /* RechargeRecordListModel.m */,
				5505E2441D3365CD00769B3C /* OrdersModel.h */,
				5505E2451D3365CD00769B3C /* OrdersModel.m */,
				5505E2471D3365E600769B3C /* OrdersListModel.h */,
				5505E2481D3365E600769B3C /* OrdersListModel.m */,
			);
			path = Model;
			sourceTree = "<group>";
		};
		297512241D13F3B400C8917E /* View */ = {
			isa = PBXGroup;
			children = (
				2953F43C1D18D6C400CDCDBF /* PersonalCell.h */,
				2953F43D1D18D6C400CDCDBF /* PersonalCell.m */,
				2953F43E1D18D6C400CDCDBF /* PersonalCell.xib */,
				2958F7851D2A5BF400E318A7 /* PersonalHeaderView.h */,
				2958F7861D2A5BF400E318A7 /* PersonalHeaderView.m */,
				2958F78D1D2A5CA900E318A7 /* PersonalHeaderView.xib */,
				2988877A1D2CFA410008DD14 /* RechargeRecordCell.h */,
				2988877B1D2CFA410008DD14 /* RechargeRecordCell.m */,
				2988877C1D2CFA410008DD14 /* RechargeRecordCell.xib */,
				5505E24C1D33742000769B3C /* OrdersHeaderView.h */,
				5505E24D1D33742000769B3C /* OrdersHeaderView.m */,
				5505E2521D3374B000769B3C /* OrdersCell.h */,
				5505E2531D3374B000769B3C /* OrdersCell.m */,
				5505E2541D3374B000769B3C /* OrdersCell.xib */,
			);
			path = View;
			sourceTree = "<group>";
		};
		297512251D13F3B400C8917E /* ShoppingLists */ = {
			isa = PBXGroup;
			children = (
				297512261D13F3B400C8917E /* Controller */,
				297512271D13F3B400C8917E /* Model */,
				297512281D13F3B400C8917E /* View */,
			);
			path = ShoppingLists;
			sourceTree = "<group>";
		};
		297512261D13F3B400C8917E /* Controller */ = {
			isa = PBXGroup;
			children = (
				2975123A1D13F48900C8917E /* ShoppingListsViewController.h */,
				2975123B1D13F48900C8917E /* ShoppingListsViewController.m */,
			);
			path = Controller;
			sourceTree = "<group>";
		};
		297512271D13F3B400C8917E /* Model */ = {
			isa = PBXGroup;
			children = (
			);
			path = Model;
			sourceTree = "<group>";
		};
		297512281D13F3B400C8917E /* View */ = {
			isa = PBXGroup;
			children = (
			);
			path = View;
			sourceTree = "<group>";
		};
		297512291D13F3B400C8917E /* ShowOrders */ = {
			isa = PBXGroup;
			children = (
				2975122A1D13F3B400C8917E /* Controller */,
				2975122B1D13F3B400C8917E /* Model */,
				2975122C1D13F3B400C8917E /* View */,
			);
			path = ShowOrders;
			sourceTree = "<group>";
		};
		2975122A1D13F3B400C8917E /* Controller */ = {
			isa = PBXGroup;
			children = (
				297512371D13F47000C8917E /* ShowOrdersViewController.h */,
				297512381D13F47000C8917E /* ShowOrdersViewController.m */,
			);
			path = Controller;
			sourceTree = "<group>";
		};
		2975122B1D13F3B400C8917E /* Model */ = {
			isa = PBXGroup;
			children = (
			);
			path = Model;
			sourceTree = "<group>";
		};
		2975122C1D13F3B400C8917E /* View */ = {
			isa = PBXGroup;
			children = (
			);
			path = View;
			sourceTree = "<group>";
		};
		2975122D1D13F3B400C8917E /* TreasureList */ = {
			isa = PBXGroup;
			children = (
				2975122E1D13F3B400C8917E /* Controller */,
				2975122F1D13F3B400C8917E /* Model */,
				297512301D13F3B400C8917E /* View */,
			);
			path = TreasureList;
			sourceTree = "<group>";
		};
		2975122E1D13F3B400C8917E /* Controller */ = {
			isa = PBXGroup;
			children = (
				297512341D13F44A00C8917E /* TreasureListViewController.h */,
				297512351D13F44A00C8917E /* TreasureListViewController.m */,
				760F02451D1BDF2500E1561C /* GoodsDetailViewController.h */,
				760F02461D1BDF2500E1561C /* GoodsDetailViewController.m */,
				764E7AD51D228F5300FC24CB /* GoodsPayViewController.h */,
				764E7AD61D228F5300FC24CB /* GoodsPayViewController.m */,
				76F867441D34E4D200029BF6 /* OrderListViewController.h */,
				76F867451D34E4D200029BF6 /* OrderListViewController.m */,
				76FA5CFC1D377F9400AB20B6 /* ShowListViewController.h */,
				76FA5CFD1D377F9400AB20B6 /* ShowListViewController.m */,
				76FA5CFF1D3781C800AB20B6 /* ShowResultViewController.h */,
				76FA5D001D3781C800AB20B6 /* ShowResultViewController.m */,
			);
			path = Controller;
			sourceTree = "<group>";
		};
		2975122F1D13F3B400C8917E /* Model */ = {
			isa = PBXGroup;
			children = (
				296AF2DC1D40CC5400C22DA6 /* PayService.h */,
				296AF2DD1D40CC5400C22DA6 /* PayService.m */,
				76454F611D24FEB0004840E4 /* GoodsModel.h */,
				76454F621D24FEB0004840E4 /* GoodsModel.m */,
				5505E23C1D2559AA00769B3C /* GoodsListModel.h */,
				5505E23D1D2559AA00769B3C /* GoodsListModel.m */,
			);
			path = Model;
			sourceTree = "<group>";
		};
		297512301D13F3B400C8917E /* View */ = {
			isa = PBXGroup;
			children = (
				76BAF2AF1D1935AB00553696 /* GoodsCollectionViewCell.h */,
				76BAF2B01D1935AB00553696 /* GoodsCollectionViewCell.m */,
				76BAF2B11D1935AB00553696 /* GoodsCollectionViewCell.xib */,
				760F02381D1BAC6100E1561C /* HeaderCollectionReusableView.h */,
				760F02391D1BAC6100E1561C /* HeaderCollectionReusableView.m */,
				760F023A1D1BAC6100E1561C /* HeaderCollectionReusableView.xib */,
				760A05DF1D1D0D240001B234 /* GoodsDetailTableViewCell.h */,
				760A05E01D1D0D240001B234 /* GoodsDetailTableViewCell.m */,
				760A05E11D1D0D240001B234 /* GoodsDetailTableViewCell.xib */,
				7609838D1D20D3DE0048AC46 /* GoodsDetailHeaderView.h */,
				7609838E1D20D3DE0048AC46 /* GoodsDetailHeaderView.m */,
				760983901D20D3FD0048AC46 /* GoodsDetailHeaderView.xib */,
				76B4B11A1D22940F00B15AD2 /* PayView.xib */,
				76B4B11C1D22942100B15AD2 /* PayView.h */,
				76B4B11D1D22942100B15AD2 /* PayView.m */,
				76FE6C8F1D24C300009C740B /* SelectBuyTimes.h */,
				76FE6C901D24C300009C740B /* SelectBuyTimes.m */,
				76FE6C921D24C318009C740B /* SelectBuytimes.xib */,
				763405541D2A65890033DF4F /* LastResultView.h */,
				763405551D2A65890033DF4F /* LastResultView.m */,
			);
			path = View;
			sourceTree = "<group>";
		};
		2985F6591CC094A800ED5DDA /* Class */ = {
			isa = PBXGroup;
			children = (
				7613CF0A1CCDFC0900195D22 /* DataSource */,
				2985F65A1CC094A800ED5DDA /* App */,
				2985F65D1CC094A800ED5DDA /* Root */,
				2985F65E1CC094A800ED5DDA /* Scene */,
			);
			path = Class;
			sourceTree = "<group>";
		};
		2985F65A1CC094A800ED5DDA /* App */ = {
			isa = PBXGroup;
			children = (
				2985F65B1CC094A800ED5DDA /* AppDelegate.h */,
				2985F65C1CC094A800ED5DDA /* AppDelegate.m */,
			);
			path = App;
			sourceTree = "<group>";
		};
		2985F65D1CC094A800ED5DDA /* Root */ = {
			isa = PBXGroup;
			children = (
				2985F6741CC094C600ED5DDA /* BaseViewController.h */,
				2985F6751CC094C600ED5DDA /* BaseViewController.m */,
				2985F6771CC094FB00ED5DDA /* TabBarController.h */,
				2985F6781CC094FB00ED5DDA /* TabBarController.m */,
				295AC3D81D2DF52600A7BC93 /* Tools.h */,
				295AC3D91D2DF52600A7BC93 /* Tools.m */,
			);
			path = Root;
			sourceTree = "<group>";
		};
		2985F65E1CC094A800ED5DDA /* Scene */ = {
			isa = PBXGroup;
			children = (
				297132F91D1D2BE40086BF2E /* Login */,
				2975122D1D13F3B400C8917E /* TreasureList */,
				2975121D1D13F3B400C8917E /* LatestResult */,
				297512291D13F3B400C8917E /* ShowOrders */,
				297512251D13F3B400C8917E /* ShoppingLists */,
				297512211D13F3B400C8917E /* Personal */,
			);
			path = Scene;
			sourceTree = "<group>";
		};
		5C8FEF29D556C2ABE23DAC27 /* Frameworks */ = {
			isa = PBXGroup;
			children = (
				2975BAA91D2266520077448E /* libz.tbd */,
				2975BAA71D2266450077448E /* libstdc++.tbd */,
				2975BAA51D2266380077448E /* CoreTelephony.framework */,
				2975BAA31D22662C0077448E /* libsqlite3.tbd */,
				2975BAA11D22661E0077448E /* CoreGraphics.framework */,
				2975BA9F1D2265FA0077448E /* libiconv.tbd */,
				2975BA9D1D22653F0077448E /* Security.framework */,
				2975BA9B1D22652E0077448E /* ImageIO.framework */,
				76039A031CC0EC1200F486C8 /* SystemConfiguration.framework */,
				00E94AED93A33FBF44252FC7 /* libPods.a */,
			);
			name = Frameworks;
			sourceTree = "<group>";
		};
		76037CC11CBF8B4F00D72AA7 = {
			isa = PBXGroup;
			children = (
				76037CCC1CBF8B4F00D72AA7 /* Indiana */,
				76037CE61CBF8B4F00D72AA7 /* IndianaTests */,
				76037CF11CBF8B4F00D72AA7 /* IndianaUITests */,
				76037CCB1CBF8B4F00D72AA7 /* Products */,
				772654A24F79612B73DC7331 /* Pods */,
				5C8FEF29D556C2ABE23DAC27 /* Frameworks */,
			);
			sourceTree = "<group>";
		};
		76037CCB1CBF8B4F00D72AA7 /* Products */ = {
			isa = PBXGroup;
			children = (
				76037CCA1CBF8B4F00D72AA7 /* Indiana.app */,
				76037CE31CBF8B4F00D72AA7 /* IndianaTests.xctest */,
				76037CEE1CBF8B4F00D72AA7 /* IndianaUITests.xctest */,
			);
			name = Products;
			sourceTree = "<group>";
		};
		76037CCC1CBF8B4F00D72AA7 /* Indiana */ = {
			isa = PBXGroup;
			children = (
				2985F6591CC094A800ED5DDA /* Class */,
				76037CD91CBF8B4F00D72AA7 /* Assets.xcassets */,
				76037CDB1CBF8B4F00D72AA7 /* LaunchScreen.storyboard */,
				29623E6B1CD0944800DEE393 /* Main.storyboard */,
				291A53B41D1A881E00F201F7 /* Login.storyboard */,
				760A05E41D1D36E80001B234 /* GoodsDetail.storyboard */,
				5505E24A1D336DF000769B3C /* Orders.storyboard */,
				76037CDE1CBF8B4F00D72AA7 /* Info.plist */,
				76037CCD1CBF8B4F00D72AA7 /* Supporting Files */,
			);
			path = Indiana;
			sourceTree = "<group>";
		};
		76037CCD1CBF8B4F00D72AA7 /* Supporting Files */ = {
			isa = PBXGroup;
			children = (
				76037CCE1CBF8B4F00D72AA7 /* main.m */,
				296A44FC1D23D92000D6223F /* Indiana-Prefix.pch */,
			);
			name = "Supporting Files";
			sourceTree = "<group>";
		};
		76037CE61CBF8B4F00D72AA7 /* IndianaTests */ = {
			isa = PBXGroup;
			children = (
				76037CE71CBF8B4F00D72AA7 /* IndianaTests.m */,
				76037CE91CBF8B4F00D72AA7 /* Info.plist */,
			);
			path = IndianaTests;
			sourceTree = "<group>";
		};
		76037CF11CBF8B4F00D72AA7 /* IndianaUITests */ = {
			isa = PBXGroup;
			children = (
				76037CF21CBF8B4F00D72AA7 /* IndianaUITests.m */,
				76037CF41CBF8B4F00D72AA7 /* Info.plist */,
			);
			path = IndianaUITests;
			sourceTree = "<group>";
		};
		7613CF0A1CCDFC0900195D22 /* DataSource */ = {
			isa = PBXGroup;
			children = (
				7613CF0B1CCDFC2F00195D22 /* DataService.h */,
				7613CF0C1CCDFC2F00195D22 /* DataService.m */,
				29665F271D27901D00122B9A /* LocaldData.h */,
				29665F281D27901D00122B9A /* LocaldData.m */,
			);
			path = DataSource;
			sourceTree = "<group>";
		};
		772654A24F79612B73DC7331 /* Pods */ = {
			isa = PBXGroup;
			children = (
				459905CD53B2FB9E55E4B624 /* Pods.debug.xcconfig */,
				CA116AEA8B6F229310F6F10E /* Pods.release.xcconfig */,
			);
			name = Pods;
			sourceTree = "<group>";
		};
/* End PBXGroup section */

/* Begin PBXNativeTarget section */
		76037CC91CBF8B4F00D72AA7 /* Indiana */ = {
			isa = PBXNativeTarget;
			buildConfigurationList = 76037CF71CBF8B4F00D72AA7 /* Build configuration list for PBXNativeTarget "Indiana" */;
			buildPhases = (
				EBBB1BE415541A080088FA16 /* Check Pods Manifest.lock */,
				76037CC61CBF8B4F00D72AA7 /* Sources */,
				76037CC71CBF8B4F00D72AA7 /* Frameworks */,
				893FB59136D7D5E8B07CFC67 /* Embed Pods Frameworks */,
				76037CC81CBF8B4F00D72AA7 /* Resources */,
				2F29073D0508C47F00C9FFD6 /* Copy Pods Resources */,
			);
			buildRules = (
			);
			dependencies = (
			);
			name = Indiana;
			productName = Indiana;
			productReference = 76037CCA1CBF8B4F00D72AA7 /* Indiana.app */;
			productType = "com.apple.product-type.application";
		};
		76037CE21CBF8B4F00D72AA7 /* IndianaTests */ = {
			isa = PBXNativeTarget;
			buildConfigurationList = 76037CFA1CBF8B4F00D72AA7 /* Build configuration list for PBXNativeTarget "IndianaTests" */;
			buildPhases = (
				76037CDF1CBF8B4F00D72AA7 /* Sources */,
				76037CE01CBF8B4F00D72AA7 /* Frameworks */,
				76037CE11CBF8B4F00D72AA7 /* Resources */,
			);
			buildRules = (
			);
			dependencies = (
				76037CE51CBF8B4F00D72AA7 /* PBXTargetDependency */,
			);
			name = IndianaTests;
			productName = IndianaTests;
			productReference = 76037CE31CBF8B4F00D72AA7 /* IndianaTests.xctest */;
			productType = "com.apple.product-type.bundle.unit-test";
		};
		76037CED1CBF8B4F00D72AA7 /* IndianaUITests */ = {
			isa = PBXNativeTarget;
			buildConfigurationList = 76037CFD1CBF8B4F00D72AA7 /* Build configuration list for PBXNativeTarget "IndianaUITests" */;
			buildPhases = (
				76037CEA1CBF8B4F00D72AA7 /* Sources */,
				76037CEB1CBF8B4F00D72AA7 /* Frameworks */,
				76037CEC1CBF8B4F00D72AA7 /* Resources */,
			);
			buildRules = (
			);
			dependencies = (
				76037CF01CBF8B4F00D72AA7 /* PBXTargetDependency */,
			);
			name = IndianaUITests;
			productName = IndianaUITests;
			productReference = 76037CEE1CBF8B4F00D72AA7 /* IndianaUITests.xctest */;
			productType = "com.apple.product-type.bundle.ui-testing";
		};
/* End PBXNativeTarget section */

/* Begin PBXProject section */
		76037CC21CBF8B4F00D72AA7 /* Project object */ = {
			isa = PBXProject;
			attributes = {
				LastUpgradeCheck = 0730;
				ORGANIZATIONNAME = Tagcare;
				TargetAttributes = {
					76037CC91CBF8B4F00D72AA7 = {
						CreatedOnToolsVersion = 7.2;
						DevelopmentTeam = JVX8354953;
					};
					76037CE21CBF8B4F00D72AA7 = {
						CreatedOnToolsVersion = 7.2;
						TestTargetID = 76037CC91CBF8B4F00D72AA7;
					};
					76037CED1CBF8B4F00D72AA7 = {
						CreatedOnToolsVersion = 7.2;
						TestTargetID = 76037CC91CBF8B4F00D72AA7;
					};
				};
			};
			buildConfigurationList = 76037CC51CBF8B4F00D72AA7 /* Build configuration list for PBXProject "Indiana" */;
			compatibilityVersion = "Xcode 3.2";
			developmentRegion = English;
			hasScannedForEncodings = 0;
			knownRegions = (
				en,
				Base,
				ru,
			);
			mainGroup = 76037CC11CBF8B4F00D72AA7;
			productRefGroup = 76037CCB1CBF8B4F00D72AA7 /* Products */;
			projectDirPath = "";
			projectRoot = "";
			targets = (
				76037CC91CBF8B4F00D72AA7 /* Indiana */,
				76037CE21CBF8B4F00D72AA7 /* IndianaTests */,
				76037CED1CBF8B4F00D72AA7 /* IndianaUITests */,
			);
		};
/* End PBXProject section */

/* Begin PBXResourcesBuildPhase section */
		76037CC81CBF8B4F00D72AA7 /* Resources */ = {
			isa = PBXResourcesBuildPhase;
			buildActionMask = 2147483647;
			files = (
				2975BA8A1D221C210077448E /* LbTfCell.xib in Resources */,
				760A05E31D1D0D240001B234 /* GoodsDetailTableViewCell.xib in Resources */,
				2988877E1D2CFA410008DD14 /* RechargeRecordCell.xib in Resources */,
				76FE6C931D24C318009C740B /* SelectBuytimes.xib in Resources */,
				5505E24B1D336DF000769B3C /* Orders.storyboard in Resources */,
				76B4B11B1D22940F00B15AD2 /* PayView.xib in Resources */,
				5505E2561D3374B000769B3C /* OrdersCell.xib in Resources */,
				29623E6D1CD0944800DEE393 /* Main.storyboard in Resources */,
				2953F4401D18D6C400CDCDBF /* PersonalCell.xib in Resources */,
				297133221D1D3E6D0086BF2E /* VerifyCodeCell.xib in Resources */,
				2971330A1D1D2BE40086BF2E /* RegisterFooterView.xib in Resources */,
				298887831D2CFA750008DD14 /* RechargeRecordViewController.xib in Resources */,
				2975BA8F1D221CE90077448E /* ForgetPwdCell.xib in Resources */,
				298F8BE31D45FF00000A8791 /* icon.png in Resources */,
				76037CDD1CBF8B4F00D72AA7 /* LaunchScreen.storyboard in Resources */,
				2975BA941D221DEF0077448E /* LoginFooterView.xib in Resources */,
				291A53B61D1A881E00F201F7 /* Login.storyboard in Resources */,
				760F023C1D1BAC6100E1561C /* HeaderCollectionReusableView.xib in Resources */,
				760A05E51D1D36E80001B234 /* GoodsDetail.storyboard in Resources */,
				760983911D20D3FD0048AC46 /* GoodsDetailHeaderView.xib in Resources */,
				76037CDA1CBF8B4F00D72AA7 /* Assets.xcassets in Resources */,
				76BAF2B31D1935AB00553696 /* GoodsCollectionViewCell.xib in Resources */,
				2958F78E1D2A5CA900E318A7 /* PersonalHeaderView.xib in Resources */,
			);
			runOnlyForDeploymentPostprocessing = 0;
		};
		76037CE11CBF8B4F00D72AA7 /* Resources */ = {
			isa = PBXResourcesBuildPhase;
			buildActionMask = 2147483647;
			files = (
			);
			runOnlyForDeploymentPostprocessing = 0;
		};
		76037CEC1CBF8B4F00D72AA7 /* Resources */ = {
			isa = PBXResourcesBuildPhase;
			buildActionMask = 2147483647;
			files = (
			);
			runOnlyForDeploymentPostprocessing = 0;
		};
/* End PBXResourcesBuildPhase section */

/* Begin PBXShellScriptBuildPhase section */
		2F29073D0508C47F00C9FFD6 /* Copy Pods Resources */ = {
			isa = PBXShellScriptBuildPhase;
			buildActionMask = 2147483647;
			files = (
			);
			inputPaths = (
			);
			name = "Copy Pods Resources";
			outputPaths = (
			);
			runOnlyForDeploymentPostprocessing = 0;
			shellPath = /bin/sh;
			shellScript = "\"${SRCROOT}/Pods/Target Support Files/Pods/Pods-resources.sh\"\n";
			showEnvVarsInLog = 0;
		};
		893FB59136D7D5E8B07CFC67 /* Embed Pods Frameworks */ = {
			isa = PBXShellScriptBuildPhase;
			buildActionMask = 2147483647;
			files = (
			);
			inputPaths = (
			);
			name = "Embed Pods Frameworks";
			outputPaths = (
			);
			runOnlyForDeploymentPostprocessing = 0;
			shellPath = /bin/sh;
			shellScript = "\"${SRCROOT}/Pods/Target Support Files/Pods/Pods-frameworks.sh\"\n";
			showEnvVarsInLog = 0;
		};
		EBBB1BE415541A080088FA16 /* Check Pods Manifest.lock */ = {
			isa = PBXShellScriptBuildPhase;
			buildActionMask = 2147483647;
			files = (
			);
			inputPaths = (
			);
			name = "Check Pods Manifest.lock";
			outputPaths = (
			);
			runOnlyForDeploymentPostprocessing = 0;
			shellPath = /bin/sh;
			shellScript = "diff \"${PODS_ROOT}/../Podfile.lock\" \"${PODS_ROOT}/Manifest.lock\" > /dev/null\nif [[ $? != 0 ]] ; then\n    cat << EOM\nerror: The sandbox is not in sync with the Podfile.lock. Run 'pod install' or update your CocoaPods installation.\nEOM\n    exit 1\nfi\n";
			showEnvVarsInLog = 0;
		};
/* End PBXShellScriptBuildPhase section */

/* Begin PBXSourcesBuildPhase section */
		76037CC61CBF8B4F00D72AA7 /* Sources */ = {
			isa = PBXSourcesBuildPhase;
			buildActionMask = 2147483647;
			files = (
				29665F291D27901D00122B9A /* LocaldData.m in Sources */,
				297133211D1D3E6D0086BF2E /* VerifyCodeCell.m in Sources */,
				297133061D1D2BE40086BF2E /* LoginRootViewController.m in Sources */,
				2953F43F1D18D6C400CDCDBF /* PersonalCell.m in Sources */,
				29665F2A1D27CB0D00122B9A /* LatestResultViewController.m in Sources */,
				298887891D2D0D340008DD14 /* RechargeRecordListModel.m in Sources */,
				2975BA8E1D221CE90077448E /* ForgetPwdCell.m in Sources */,
				760F023B1D1BAC6100E1561C /* HeaderCollectionReusableView.m in Sources */,
				2958F7871D2A5BF400E318A7 /* PersonalHeaderView.m in Sources */,
				295AC3DA1D2DF52600A7BC93 /* Tools.m in Sources */,
				5505E2421D3365AE00769B3C /* OrdersListViewController.m in Sources */,
				76B4B11E1D22942100B15AD2 /* PayView.m in Sources */,
				7613CF0D1CCDFC2F00195D22 /* DataService.m in Sources */,
				5505E2491D3365E600769B3C /* OrdersListModel.m in Sources */,
				5505E24E1D33742000769B3C /* OrdersHeaderView.m in Sources */,
				5505E23E1D2559AA00769B3C /* GoodsListModel.m in Sources */,
				298887821D2CFA750008DD14 /* RechargeRecordViewController.m in Sources */,
				296AF2DE1D40CC5400C22DA6 /* PayService.m in Sources */,
				763405561D2A65890033DF4F /* LastResultView.m in Sources */,
				2975123C1D13F48900C8917E /* ShoppingListsViewController.m in Sources */,
				2975BA891D221C210077448E /* LbTfCell.m in Sources */,
				296A44FA1D23760B00D6223F /* UserInfoModel.m in Sources */,
				760F02471D1BDF2500E1561C /* GoodsDetailViewController.m in Sources */,
				76454F631D24FEB0004840E4 /* GoodsModel.m in Sources */,
				7609838F1D20D3DE0048AC46 /* GoodsDetailHeaderView.m in Sources */,
				2985F6761CC094C600ED5DDA /* BaseViewController.m in Sources */,
				2975BAAD1D226BDB0077448E /* LoginModel.m in Sources */,
				297133181D1D3B150086BF2E /* RegisterViewController.m in Sources */,
				297133071D1D2BE40086BF2E /* LoginViewController.m in Sources */,
				2985F6791CC094FB00ED5DDA /* TabBarController.m in Sources */,
				76FE6C911D24C300009C740B /* SelectBuyTimes.m in Sources */,
				297512391D13F47000C8917E /* ShowOrdersViewController.m in Sources */,
				5505E2551D3374B000769B3C /* OrdersCell.m in Sources */,
				76F867461D34E4D200029BF6 /* OrderListViewController.m in Sources */,
				76BAF2B21D1935AB00553696 /* GoodsCollectionViewCell.m in Sources */,
				76037CCF1CBF8B4F00D72AA7 /* main.m in Sources */,
				76FA5D011D3781C800AB20B6 /* ShowResultViewController.m in Sources */,
				297512361D13F44A00C8917E /* TreasureListViewController.m in Sources */,
				2975BA9A1D222B040077448E /* LoginFooterView.m in Sources */,
				5505E2461D3365CD00769B3C /* OrdersModel.m in Sources */,
				29665F2C1D27CB0D00122B9A /* PersonalViewController.m in Sources */,
				2988877D1D2CFA410008DD14 /* RechargeRecordCell.m in Sources */,
				76FA5CFE1D377F9400AB20B6 /* ShowListViewController.m in Sources */,
				29665F2B1D27CB0D00122B9A /* AppDelegate.m in Sources */,
				2975BA971D2228430077448E /* RegisterFooterView.m in Sources */,
				764E7AD71D228F5300FC24CB /* GoodsPayViewController.m in Sources */,
				760A05E21D1D0D240001B234 /* GoodsDetailTableViewCell.m in Sources */,
				298887861D2D05E90008DD14 /* RechargeRecordModel.m in Sources */,
			);
			runOnlyForDeploymentPostprocessing = 0;
		};
		76037CDF1CBF8B4F00D72AA7 /* Sources */ = {
			isa = PBXSourcesBuildPhase;
			buildActionMask = 2147483647;
			files = (
				76037CE81CBF8B4F00D72AA7 /* IndianaTests.m in Sources */,
			);
			runOnlyForDeploymentPostprocessing = 0;
		};
		76037CEA1CBF8B4F00D72AA7 /* Sources */ = {
			isa = PBXSourcesBuildPhase;
			buildActionMask = 2147483647;
			files = (
				76037CF31CBF8B4F00D72AA7 /* IndianaUITests.m in Sources */,
			);
			runOnlyForDeploymentPostprocessing = 0;
		};
/* End PBXSourcesBuildPhase section */

/* Begin PBXTargetDependency section */
		76037CE51CBF8B4F00D72AA7 /* PBXTargetDependency */ = {
			isa = PBXTargetDependency;
			target = 76037CC91CBF8B4F00D72AA7 /* Indiana */;
			targetProxy = 76037CE41CBF8B4F00D72AA7 /* PBXContainerItemProxy */;
		};
		76037CF01CBF8B4F00D72AA7 /* PBXTargetDependency */ = {
			isa = PBXTargetDependency;
			target = 76037CC91CBF8B4F00D72AA7 /* Indiana */;
			targetProxy = 76037CEF1CBF8B4F00D72AA7 /* PBXContainerItemProxy */;
		};
/* End PBXTargetDependency section */

/* Begin PBXVariantGroup section */
		291A53B41D1A881E00F201F7 /* Login.storyboard */ = {
			isa = PBXVariantGroup;
			children = (
				291A53B51D1A881E00F201F7 /* Base */,
			);
			name = Login.storyboard;
			sourceTree = "<group>";
		};
		29623E6B1CD0944800DEE393 /* Main.storyboard */ = {
			isa = PBXVariantGroup;
			children = (
				29623E6C1CD0944800DEE393 /* Base */,
			);
			name = Main.storyboard;
			sourceTree = "<group>";
		};
		76037CDB1CBF8B4F00D72AA7 /* LaunchScreen.storyboard */ = {
			isa = PBXVariantGroup;
			children = (
				76037CDC1CBF8B4F00D72AA7 /* Base */,
			);
			name = LaunchScreen.storyboard;
			sourceTree = "<group>";
		};
/* End PBXVariantGroup section */

/* Begin XCBuildConfiguration section */
		76037CF51CBF8B4F00D72AA7 /* Debug */ = {
			isa = XCBuildConfiguration;
			buildSettings = {
				ALWAYS_SEARCH_USER_PATHS = NO;
				CLANG_CXX_LANGUAGE_STANDARD = "gnu++0x";
				CLANG_CXX_LIBRARY = "libc++";
				CLANG_ENABLE_MODULES = YES;
				CLANG_ENABLE_OBJC_ARC = YES;
				CLANG_WARN_BOOL_CONVERSION = YES;
				CLANG_WARN_CONSTANT_CONVERSION = YES;
				CLANG_WARN_DIRECT_OBJC_ISA_USAGE = YES_ERROR;
				CLANG_WARN_EMPTY_BODY = YES;
				CLANG_WARN_ENUM_CONVERSION = YES;
				CLANG_WARN_INT_CONVERSION = YES;
				CLANG_WARN_OBJC_ROOT_CLASS = YES_ERROR;
				CLANG_WARN_UNREACHABLE_CODE = YES;
				CLANG_WARN__DUPLICATE_METHOD_MATCH = YES;
				"CODE_SIGN_IDENTITY[sdk=iphoneos*]" = "iPhone Developer";
				COPY_PHASE_STRIP = NO;
				DEBUG_INFORMATION_FORMAT = dwarf;
				ENABLE_STRICT_OBJC_MSGSEND = YES;
				ENABLE_TESTABILITY = YES;
				GCC_C_LANGUAGE_STANDARD = gnu99;
				GCC_DYNAMIC_NO_PIC = NO;
				GCC_NO_COMMON_BLOCKS = YES;
				GCC_OPTIMIZATION_LEVEL = 0;
				GCC_PREPROCESSOR_DEFINITIONS = (
					"DEBUG=1",
					"$(inherited)",
				);
				GCC_WARN_64_TO_32_BIT_CONVERSION = YES;
				GCC_WARN_ABOUT_RETURN_TYPE = YES_ERROR;
				GCC_WARN_UNDECLARED_SELECTOR = YES;
				GCC_WARN_UNINITIALIZED_AUTOS = YES_AGGRESSIVE;
				GCC_WARN_UNUSED_FUNCTION = YES;
				GCC_WARN_UNUSED_VARIABLE = YES;
				IPHONEOS_DEPLOYMENT_TARGET = 9.2;
				MTL_ENABLE_DEBUG_INFO = YES;
				ONLY_ACTIVE_ARCH = YES;
				SDKROOT = iphoneos;
				TARGETED_DEVICE_FAMILY = "1,2";
			};
			name = Debug;
		};
		76037CF61CBF8B4F00D72AA7 /* Release */ = {
			isa = XCBuildConfiguration;
			buildSettings = {
				ALWAYS_SEARCH_USER_PATHS = NO;
				CLANG_CXX_LANGUAGE_STANDARD = "gnu++0x";
				CLANG_CXX_LIBRARY = "libc++";
				CLANG_ENABLE_MODULES = YES;
				CLANG_ENABLE_OBJC_ARC = YES;
				CLANG_WARN_BOOL_CONVERSION = YES;
				CLANG_WARN_CONSTANT_CONVERSION = YES;
				CLANG_WARN_DIRECT_OBJC_ISA_USAGE = YES_ERROR;
				CLANG_WARN_EMPTY_BODY = YES;
				CLANG_WARN_ENUM_CONVERSION = YES;
				CLANG_WARN_INT_CONVERSION = YES;
				CLANG_WARN_OBJC_ROOT_CLASS = YES_ERROR;
				CLANG_WARN_UNREACHABLE_CODE = YES;
				CLANG_WARN__DUPLICATE_METHOD_MATCH = YES;
				"CODE_SIGN_IDENTITY[sdk=iphoneos*]" = "iPhone Developer";
				COPY_PHASE_STRIP = NO;
				DEBUG_INFORMATION_FORMAT = "dwarf-with-dsym";
				ENABLE_NS_ASSERTIONS = NO;
				ENABLE_STRICT_OBJC_MSGSEND = YES;
				GCC_C_LANGUAGE_STANDARD = gnu99;
				GCC_NO_COMMON_BLOCKS = YES;
				GCC_WARN_64_TO_32_BIT_CONVERSION = YES;
				GCC_WARN_ABOUT_RETURN_TYPE = YES_ERROR;
				GCC_WARN_UNDECLARED_SELECTOR = YES;
				GCC_WARN_UNINITIALIZED_AUTOS = YES_AGGRESSIVE;
				GCC_WARN_UNUSED_FUNCTION = YES;
				GCC_WARN_UNUSED_VARIABLE = YES;
				IPHONEOS_DEPLOYMENT_TARGET = 9.2;
				MTL_ENABLE_DEBUG_INFO = NO;
				SDKROOT = iphoneos;
				TARGETED_DEVICE_FAMILY = "1,2";
				VALIDATE_PRODUCT = YES;
			};
			name = Release;
		};
		76037CF81CBF8B4F00D72AA7 /* Debug */ = {
			isa = XCBuildConfiguration;
			baseConfigurationReference = 459905CD53B2FB9E55E4B624 /* Pods.debug.xcconfig */;
			buildSettings = {
				ASSETCATALOG_COMPILER_APPICON_NAME = AppIcon;
				CODE_SIGN_IDENTITY = "iPhone Developer: Yanhua Li (68V33RSFL7)";
				"CODE_SIGN_IDENTITY[sdk=iphoneos*]" = "iPhone Developer: Yanhua Li (68V33RSFL7)";
				ENABLE_BITCODE = NO;
				GCC_PREFIX_HEADER = "Indiana/Indiana-Prefix.pch";
				INFOPLIST_FILE = Indiana/Info.plist;
				IPHONEOS_DEPLOYMENT_TARGET = 8.2;
				LD_RUNPATH_SEARCH_PATHS = "$(inherited) @executable_path/Frameworks";
				PRODUCT_BUNDLE_IDENTIFIER = com.Tagcare2.Indiana;
				PRODUCT_NAME = "$(TARGET_NAME)";
				PROVISIONING_PROFILE = "2a47c3b9-da3f-4ab5-a808-550245a72158";
				SDKROOT = iphoneos;
				TARGETED_DEVICE_FAMILY = 1;
			};
			name = Debug;
		};
		76037CF91CBF8B4F00D72AA7 /* Release */ = {
			isa = XCBuildConfiguration;
			baseConfigurationReference = CA116AEA8B6F229310F6F10E /* Pods.release.xcconfig */;
			buildSettings = {
				ASSETCATALOG_COMPILER_APPICON_NAME = AppIcon;
				CODE_SIGN_IDENTITY = "iPhone Developer: Yanhua Li (68V33RSFL7)";
				"CODE_SIGN_IDENTITY[sdk=iphoneos*]" = "iPhone Developer: Yanhua Li (68V33RSFL7)";
				ENABLE_BITCODE = NO;
				GCC_PREFIX_HEADER = "Indiana/Indiana-Prefix.pch";
				INFOPLIST_FILE = Indiana/Info.plist;
				IPHONEOS_DEPLOYMENT_TARGET = 8.2;
				LD_RUNPATH_SEARCH_PATHS = "$(inherited) @executable_path/Frameworks";
				PRODUCT_BUNDLE_IDENTIFIER = com.Tagcare2.Indiana;
				PRODUCT_NAME = "$(TARGET_NAME)";
				PROVISIONING_PROFILE = "2a47c3b9-da3f-4ab5-a808-550245a72158";
				SDKROOT = iphoneos;
				TARGETED_DEVICE_FAMILY = 1;
			};
			name = Release;
		};
		76037CFB1CBF8B4F00D72AA7 /* Debug */ = {
			isa = XCBuildConfiguration;
			buildSettings = {
				BUNDLE_LOADER = "$(TEST_HOST)";
				INFOPLIST_FILE = IndianaTests/Info.plist;
				LD_RUNPATH_SEARCH_PATHS = "$(inherited) @executable_path/Frameworks @loader_path/Frameworks";
				PRODUCT_BUNDLE_IDENTIFIER = Tagcare.IndianaTests;
				PRODUCT_NAME = "$(TARGET_NAME)";
				TEST_HOST = "$(BUILT_PRODUCTS_DIR)/Indiana.app/Indiana";
			};
			name = Debug;
		};
		76037CFC1CBF8B4F00D72AA7 /* Release */ = {
			isa = XCBuildConfiguration;
			buildSettings = {
				BUNDLE_LOADER = "$(TEST_HOST)";
				INFOPLIST_FILE = IndianaTests/Info.plist;
				LD_RUNPATH_SEARCH_PATHS = "$(inherited) @executable_path/Frameworks @loader_path/Frameworks";
				PRODUCT_BUNDLE_IDENTIFIER = Tagcare.IndianaTests;
				PRODUCT_NAME = "$(TARGET_NAME)";
				TEST_HOST = "$(BUILT_PRODUCTS_DIR)/Indiana.app/Indiana";
			};
			name = Release;
		};
		76037CFE1CBF8B4F00D72AA7 /* Debug */ = {
			isa = XCBuildConfiguration;
			buildSettings = {
				INFOPLIST_FILE = IndianaUITests/Info.plist;
				LD_RUNPATH_SEARCH_PATHS = "$(inherited) @executable_path/Frameworks @loader_path/Frameworks";
				PRODUCT_BUNDLE_IDENTIFIER = Tagcare.IndianaUITests;
				PRODUCT_NAME = "$(TARGET_NAME)";
				TEST_TARGET_NAME = Indiana;
				USES_XCTRUNNER = YES;
			};
			name = Debug;
		};
		76037CFF1CBF8B4F00D72AA7 /* Release */ = {
			isa = XCBuildConfiguration;
			buildSettings = {
				INFOPLIST_FILE = IndianaUITests/Info.plist;
				LD_RUNPATH_SEARCH_PATHS = "$(inherited) @executable_path/Frameworks @loader_path/Frameworks";
				PRODUCT_BUNDLE_IDENTIFIER = Tagcare.IndianaUITests;
				PRODUCT_NAME = "$(TARGET_NAME)";
				TEST_TARGET_NAME = Indiana;
				USES_XCTRUNNER = YES;
			};
			name = Release;
		};
/* End XCBuildConfiguration section */

/* Begin XCConfigurationList section */
		76037CC51CBF8B4F00D72AA7 /* Build configuration list for PBXProject "Indiana" */ = {
			isa = XCConfigurationList;
			buildConfigurations = (
				76037CF51CBF8B4F00D72AA7 /* Debug */,
				76037CF61CBF8B4F00D72AA7 /* Release */,
			);
			defaultConfigurationIsVisible = 0;
			defaultConfigurationName = Release;
		};
		76037CF71CBF8B4F00D72AA7 /* Build configuration list for PBXNativeTarget "Indiana" */ = {
			isa = XCConfigurationList;
			buildConfigurations = (
				76037CF81CBF8B4F00D72AA7 /* Debug */,
				76037CF91CBF8B4F00D72AA7 /* Release */,
			);
			defaultConfigurationIsVisible = 0;
			defaultConfigurationName = Release;
		};
		76037CFA1CBF8B4F00D72AA7 /* Build configuration list for PBXNativeTarget "IndianaTests" */ = {
			isa = XCConfigurationList;
			buildConfigurations = (
				76037CFB1CBF8B4F00D72AA7 /* Debug */,
				76037CFC1CBF8B4F00D72AA7 /* Release */,
			);
			defaultConfigurationIsVisible = 0;
			defaultConfigurationName = Release;
		};
		76037CFD1CBF8B4F00D72AA7 /* Build configuration list for PBXNativeTarget "IndianaUITests" */ = {
			isa = XCConfigurationList;
			buildConfigurations = (
				76037CFE1CBF8B4F00D72AA7 /* Debug */,
				76037CFF1CBF8B4F00D72AA7 /* Release */,
			);
			defaultConfigurationIsVisible = 0;
			defaultConfigurationName = Release;
		};
/* End XCConfigurationList section */
	};
	rootObject = 76037CC21CBF8B4F00D72AA7 /* Project object */;
}
