// !$*UTF8*$!
{
	archiveVersion = 1;
	classes = {
	};
	objectVersion = 46;
	objects = {

/* Begin PBXBuildFile section */
		038BF5F78328C5E09B8B98A6 /* libPods.a in Frameworks */ = {isa = PBXBuildFile; fileRef = 00E94AED93A33FBF44252FC7 /* libPods.a */; };
		29623E6D1CD0944800DEE393 /* Main.storyboard in Resources */ = {isa = PBXBuildFile; fileRef = 29623E6B1CD0944800DEE393 /* Main.storyboard */; };
		297512331D13F3F800C8917E /* LatestResultViewController.m in Sources */ = {isa = PBXBuildFile; fileRef = 297512321D13F3F800C8917E /* LatestResultViewController.m */; };
		297512361D13F44A00C8917E /* TreasureListViewController.m in Sources */ = {isa = PBXBuildFile; fileRef = 297512351D13F44A00C8917E /* TreasureListViewController.m */; };
		297512391D13F47000C8917E /* ShowOrdersViewController.m in Sources */ = {isa = PBXBuildFile; fileRef = 297512381D13F47000C8917E /* ShowOrdersViewController.m */; };
		2975123C1D13F48900C8917E /* ShoppingListsViewController.m in Sources */ = {isa = PBXBuildFile; fileRef = 2975123B1D13F48900C8917E /* ShoppingListsViewController.m */; };
		2975123F1D13F49D00C8917E /* PersonalViewController.m in Sources */ = {isa = PBXBuildFile; fileRef = 2975123E1D13F49D00C8917E /* PersonalViewController.m */; };
		2985F66B1CC094A800ED5DDA /* AppDelegate.m in Sources */ = {isa = PBXBuildFile; fileRef = 2985F65C1CC094A800ED5DDA /* AppDelegate.m */; };
		2985F6761CC094C600ED5DDA /* BaseViewController.m in Sources */ = {isa = PBXBuildFile; fileRef = 2985F6751CC094C600ED5DDA /* BaseViewController.m */; };
		2985F6791CC094FB00ED5DDA /* TabBarController.m in Sources */ = {isa = PBXBuildFile; fileRef = 2985F6781CC094FB00ED5DDA /* TabBarController.m */; };
		76037CCF1CBF8B4F00D72AA7 /* main.m in Sources */ = {isa = PBXBuildFile; fileRef = 76037CCE1CBF8B4F00D72AA7 /* main.m */; };
		76037CDA1CBF8B4F00D72AA7 /* Assets.xcassets in Resources */ = {isa = PBXBuildFile; fileRef = 76037CD91CBF8B4F00D72AA7 /* Assets.xcassets */; };
		76037CDD1CBF8B4F00D72AA7 /* LaunchScreen.storyboard in Resources */ = {isa = PBXBuildFile; fileRef = 76037CDB1CBF8B4F00D72AA7 /* LaunchScreen.storyboard */; };
		76037CE81CBF8B4F00D72AA7 /* IndianaTests.m in Sources */ = {isa = PBXBuildFile; fileRef = 76037CE71CBF8B4F00D72AA7 /* IndianaTests.m */; };
		76037CF31CBF8B4F00D72AA7 /* IndianaUITests.m in Sources */ = {isa = PBXBuildFile; fileRef = 76037CF21CBF8B4F00D72AA7 /* IndianaUITests.m */; };
		76039A041CC0EC1200F486C8 /* SystemConfiguration.framework in Frameworks */ = {isa = PBXBuildFile; fileRef = 76039A031CC0EC1200F486C8 /* SystemConfiguration.framework */; };
		7613CF0D1CCDFC2F00195D22 /* DataService.m in Sources */ = {isa = PBXBuildFile; fileRef = 7613CF0C1CCDFC2F00195D22 /* DataService.m */; };
/* End PBXBuildFile section */

/* Begin PBXContainerItemProxy section */
		76037CE41CBF8B4F00D72AA7 /* PBXContainerItemProxy */ = {
			isa = PBXContainerItemProxy;
			containerPortal = 76037CC21CBF8B4F00D72AA7 /* Project object */;
			proxyType = 1;
			remoteGlobalIDString = 76037CC91CBF8B4F00D72AA7;
			remoteInfo = Indiana;
		};
		76037CEF1CBF8B4F00D72AA7 /* PBXContainerItemProxy */ = {
			isa = PBXContainerItemProxy;
			containerPortal = 76037CC21CBF8B4F00D72AA7 /* Project object */;
			proxyType = 1;
			remoteGlobalIDString = 76037CC91CBF8B4F00D72AA7;
			remoteInfo = Indiana;
		};
/* End PBXContainerItemProxy section */

/* Begin PBXFileReference section */
		00E94AED93A33FBF44252FC7 /* libPods.a */ = {isa = PBXFileReference; explicitFileType = archive.ar; includeInIndex = 0; path = libPods.a; sourceTree = BUILT_PRODUCTS_DIR; };
		29623E6C1CD0944800DEE393 /* Base */ = {isa = PBXFileReference; lastKnownFileType = file.storyboard; name = Base; path = Base.lproj/Main.storyboard; sourceTree = "<group>"; };
		297512311D13F3F800C8917E /* LatestResultViewController.h */ = {isa = PBXFileReference; fileEncoding = 4; lastKnownFileType = sourcecode.c.h; path = LatestResultViewController.h; sourceTree = "<group>"; };
		297512321D13F3F800C8917E /* LatestResultViewController.m */ = {isa = PBXFileReference; fileEncoding = 4; lastKnownFileType = sourcecode.c.objc; path = LatestResultViewController.m; sourceTree = "<group>"; };
		297512341D13F44A00C8917E /* TreasureListViewController.h */ = {isa = PBXFileReference; fileEncoding = 4; lastKnownFileType = sourcecode.c.h; path = TreasureListViewController.h; sourceTree = "<group>"; };
		297512351D13F44A00C8917E /* TreasureListViewController.m */ = {isa = PBXFileReference; fileEncoding = 4; lastKnownFileType = sourcecode.c.objc; path = TreasureListViewController.m; sourceTree = "<group>"; };
		297512371D13F47000C8917E /* ShowOrdersViewController.h */ = {isa = PBXFileReference; fileEncoding = 4; lastKnownFileType = sourcecode.c.h; path = ShowOrdersViewController.h; sourceTree = "<group>"; };
		297512381D13F47000C8917E /* ShowOrdersViewController.m */ = {isa = PBXFileReference; fileEncoding = 4; lastKnownFileType = sourcecode.c.objc; path = ShowOrdersViewController.m; sourceTree = "<group>"; };
		2975123A1D13F48900C8917E /* ShoppingListsViewController.h */ = {isa = PBXFileReference; fileEncoding = 4; lastKnownFileType = sourcecode.c.h; path = ShoppingListsViewController.h; sourceTree = "<group>"; };
		2975123B1D13F48900C8917E /* ShoppingListsViewController.m */ = {isa = PBXFileReference; fileEncoding = 4; lastKnownFileType = sourcecode.c.objc; path = ShoppingListsViewController.m; sourceTree = "<group>"; };
		2975123D1D13F49D00C8917E /* PersonalViewController.h */ = {isa = PBXFileReference; fileEncoding = 4; lastKnownFileType = sourcecode.c.h; path = PersonalViewController.h; sourceTree = "<group>"; };
		2975123E1D13F49D00C8917E /* PersonalViewController.m */ = {isa = PBXFileReference; fileEncoding = 4; lastKnownFileType = sourcecode.c.objc; path = PersonalViewController.m; sourceTree = "<group>"; };
		2985F65B1CC094A800ED5DDA /* AppDelegate.h */ = {isa = PBXFileReference; fileEncoding = 4; lastKnownFileType = sourcecode.c.h; path = AppDelegate.h; sourceTree = "<group>"; };
		2985F65C1CC094A800ED5DDA /* AppDelegate.m */ = {isa = PBXFileReference; fileEncoding = 4; lastKnownFileType = sourcecode.c.objc; path = AppDelegate.m; sourceTree = "<group>"; };
		2985F6741CC094C600ED5DDA /* BaseViewController.h */ = {isa = PBXFileReference; fileEncoding = 4; lastKnownFileType = sourcecode.c.h; path = BaseViewController.h; sourceTree = "<group>"; };
		2985F6751CC094C600ED5DDA /* BaseViewController.m */ = {isa = PBXFileReference; fileEncoding = 4; lastKnownFileType = sourcecode.c.objc; path = BaseViewController.m; sourceTree = "<group>"; };
		2985F6771CC094FB00ED5DDA /* TabBarController.h */ = {isa = PBXFileReference; fileEncoding = 4; lastKnownFileType = sourcecode.c.h; path = TabBarController.h; sourceTree = "<group>"; };
		2985F6781CC094FB00ED5DDA /* TabBarController.m */ = {isa = PBXFileReference; fileEncoding = 4; lastKnownFileType = sourcecode.c.objc; path = TabBarController.m; sourceTree = "<group>"; };
		459905CD53B2FB9E55E4B624 /* Pods.debug.xcconfig */ = {isa = PBXFileReference; includeInIndex = 1; lastKnownFileType = text.xcconfig; name = Pods.debug.xcconfig; path = "Pods/Target Support Files/Pods/Pods.debug.xcconfig"; sourceTree = "<group>"; };
		76037CCA1CBF8B4F00D72AA7 /* Indiana.app */ = {isa = PBXFileReference; explicitFileType = wrapper.application; includeInIndex = 0; path = Indiana.app; sourceTree = BUILT_PRODUCTS_DIR; };
		76037CCE1CBF8B4F00D72AA7 /* main.m */ = {isa = PBXFileReference; lastKnownFileType = sourcecode.c.objc; path = main.m; sourceTree = "<group>"; };
		76037CD91CBF8B4F00D72AA7 /* Assets.xcassets */ = {isa = PBXFileReference; lastKnownFileType = folder.assetcatalog; path = Assets.xcassets; sourceTree = "<group>"; };
		76037CDC1CBF8B4F00D72AA7 /* Base */ = {isa = PBXFileReference; lastKnownFileType = file.storyboard; name = Base; path = Base.lproj/LaunchScreen.storyboard; sourceTree = "<group>"; };
		76037CDE1CBF8B4F00D72AA7 /* Info.plist */ = {isa = PBXFileReference; lastKnownFileType = text.plist.xml; path = Info.plist; sourceTree = "<group>"; };
		76037CE31CBF8B4F00D72AA7 /* IndianaTests.xctest */ = {isa = PBXFileReference; explicitFileType = wrapper.cfbundle; includeInIndex = 0; path = IndianaTests.xctest; sourceTree = BUILT_PRODUCTS_DIR; };
		76037CE71CBF8B4F00D72AA7 /* IndianaTests.m */ = {isa = PBXFileReference; lastKnownFileType = sourcecode.c.objc; path = IndianaTests.m; sourceTree = "<group>"; };
		76037CE91CBF8B4F00D72AA7 /* Info.plist */ = {isa = PBXFileReference; lastKnownFileType = text.plist.xml; path = Info.plist; sourceTree = "<group>"; };
		76037CEE1CBF8B4F00D72AA7 /* IndianaUITests.xctest */ = {isa = PBXFileReference; explicitFileType = wrapper.cfbundle; includeInIndex = 0; path = IndianaUITests.xctest; sourceTree = BUILT_PRODUCTS_DIR; };
		76037CF21CBF8B4F00D72AA7 /* IndianaUITests.m */ = {isa = PBXFileReference; lastKnownFileType = sourcecode.c.objc; path = IndianaUITests.m; sourceTree = "<group>"; };
		76037CF41CBF8B4F00D72AA7 /* Info.plist */ = {isa = PBXFileReference; lastKnownFileType = text.plist.xml; path = Info.plist; sourceTree = "<group>"; };
		76039A031CC0EC1200F486C8 /* SystemConfiguration.framework */ = {isa = PBXFileReference; lastKnownFileType = wrapper.framework; name = SystemConfiguration.framework; path = System/Library/Frameworks/SystemConfiguration.framework; sourceTree = SDKROOT; };
		7613CF0B1CCDFC2F00195D22 /* DataService.h */ = {isa = PBXFileReference; fileEncoding = 4; lastKnownFileType = sourcecode.c.h; path = DataService.h; sourceTree = "<group>"; };
		7613CF0C1CCDFC2F00195D22 /* DataService.m */ = {isa = PBXFileReference; fileEncoding = 4; lastKnownFileType = sourcecode.c.objc; path = DataService.m; sourceTree = "<group>"; };
		CA116AEA8B6F229310F6F10E /* Pods.release.xcconfig */ = {isa = PBXFileReference; includeInIndex = 1; lastKnownFileType = text.xcconfig; name = Pods.release.xcconfig; path = "Pods/Target Support Files/Pods/Pods.release.xcconfig"; sourceTree = "<group>"; };
/* End PBXFileReference section */

/* Begin PBXFrameworksBuildPhase section */
		76037CC71CBF8B4F00D72AA7 /* Frameworks */ = {
			isa = PBXFrameworksBuildPhase;
			buildActionMask = 2147483647;
			files = (
				76039A041CC0EC1200F486C8 /* SystemConfiguration.framework in Frameworks */,
				038BF5F78328C5E09B8B98A6 /* libPods.a in Frameworks */,
			);
			runOnlyForDeploymentPostprocessing = 0;
		};
		76037CE01CBF8B4F00D72AA7 /* Frameworks */ = {
			isa = PBXFrameworksBuildPhase;
			buildActionMask = 2147483647;
			files = (
			);
			runOnlyForDeploymentPostprocessing = 0;
		};
		76037CEB1CBF8B4F00D72AA7 /* Frameworks */ = {
			isa = PBXFrameworksBuildPhase;
			buildActionMask = 2147483647;
			files = (
			);
			runOnlyForDeploymentPostprocessing = 0;
		};
/* End PBXFrameworksBuildPhase section */

/* Begin PBXGroup section */
		2975121D1D13F3B400C8917E /* LatestResult */ = {
			isa = PBXGroup;
			children = (
				2975121E1D13F3B400C8917E /* Controller */,
				2975121F1D13F3B400C8917E /* Model */,
				297512201D13F3B400C8917E /* View */,
			);
			path = LatestResult;
			sourceTree = "<group>";
		};
		2975121E1D13F3B400C8917E /* Controller */ = {
			isa = PBXGroup;
			children = (
				297512311D13F3F800C8917E /* LatestResultViewController.h */,
				297512321D13F3F800C8917E /* LatestResultViewController.m */,
			);
			path = Controller;
			sourceTree = "<group>";
		};
		2975121F1D13F3B400C8917E /* Model */ = {
			isa = PBXGroup;
			children = (
			);
			path = Model;
			sourceTree = "<group>";
		};
		297512201D13F3B400C8917E /* View */ = {
			isa = PBXGroup;
			children = (
			);
			path = View;
			sourceTree = "<group>";
		};
		297512211D13F3B400C8917E /* Personal */ = {
			isa = PBXGroup;
			children = (
				297512221D13F3B400C8917E /* Controller */,
				297512231D13F3B400C8917E /* Model */,
				297512241D13F3B400C8917E /* View */,
			);
			path = Personal;
			sourceTree = "<group>";
		};
		297512221D13F3B400C8917E /* Controller */ = {
			isa = PBXGroup;
			children = (
				2975123D1D13F49D00C8917E /* PersonalViewController.h */,
				2975123E1D13F49D00C8917E /* PersonalViewController.m */,
			);
			path = Controller;
			sourceTree = "<group>";
		};
		297512231D13F3B400C8917E /* Model */ = {
			isa = PBXGroup;
			children = (
			);
			path = Model;
			sourceTree = "<group>";
		};
		297512241D13F3B400C8917E /* View */ = {
			isa = PBXGroup;
			children = (
			);
			path = View;
			sourceTree = "<group>";
		};
		297512251D13F3B400C8917E /* ShoppingLists */ = {
			isa = PBXGroup;
			children = (
				297512261D13F3B400C8917E /* Controller */,
				297512271D13F3B400C8917E /* Model */,
				297512281D13F3B400C8917E /* View */,
			);
			path = ShoppingLists;
			sourceTree = "<group>";
		};
		297512261D13F3B400C8917E /* Controller */ = {
			isa = PBXGroup;
			children = (
				2975123A1D13F48900C8917E /* ShoppingListsViewController.h */,
				2975123B1D13F48900C8917E /* ShoppingListsViewController.m */,
			);
			path = Controller;
			sourceTree = "<group>";
		};
		297512271D13F3B400C8917E /* Model */ = {
			isa = PBXGroup;
			children = (
			);
			path = Model;
			sourceTree = "<group>";
		};
		297512281D13F3B400C8917E /* View */ = {
			isa = PBXGroup;
			children = (
			);
			path = View;
			sourceTree = "<group>";
		};
		297512291D13F3B400C8917E /* ShowOrders */ = {
			isa = PBXGroup;
			children = (
				2975122A1D13F3B400C8917E /* Controller */,
				2975122B1D13F3B400C8917E /* Model */,
				2975122C1D13F3B400C8917E /* View */,
			);
			path = ShowOrders;
			sourceTree = "<group>";
		};
		2975122A1D13F3B400C8917E /* Controller */ = {
			isa = PBXGroup;
			children = (
				297512371D13F47000C8917E /* ShowOrdersViewController.h */,
				297512381D13F47000C8917E /* ShowOrdersViewController.m */,
			);
			path = Controller;
			sourceTree = "<group>";
		};
		2975122B1D13F3B400C8917E /* Model */ = {
			isa = PBXGroup;
			children = (
			);
			path = Model;
			sourceTree = "<group>";
		};
		2975122C1D13F3B400C8917E /* View */ = {
			isa = PBXGroup;
			children = (
			);
			path = View;
			sourceTree = "<group>";
		};
		2975122D1D13F3B400C8917E /* TreasureList */ = {
			isa = PBXGroup;
			children = (
				2975122E1D13F3B400C8917E /* Controller */,
				2975122F1D13F3B400C8917E /* Model */,
				297512301D13F3B400C8917E /* View */,
			);
			path = TreasureList;
			sourceTree = "<group>";
		};
		2975122E1D13F3B400C8917E /* Controller */ = {
			isa = PBXGroup;
			children = (
				297512341D13F44A00C8917E /* TreasureListViewController.h */,
				297512351D13F44A00C8917E /* TreasureListViewController.m */,
			);
			path = Controller;
			sourceTree = "<group>";
		};
		2975122F1D13F3B400C8917E /* Model */ = {
			isa = PBXGroup;
			children = (
			);
			path = Model;
			sourceTree = "<group>";
		};
		297512301D13F3B400C8917E /* View */ = {
			isa = PBXGroup;
			children = (
			);
			path = View;
			sourceTree = "<group>";
		};
		2985F6591CC094A800ED5DDA /* Class */ = {
			isa = PBXGroup;
			children = (
				7613CF0A1CCDFC0900195D22 /* DataSource */,
				2985F65A1CC094A800ED5DDA /* App */,
				2985F65D1CC094A800ED5DDA /* Root */,
				2985F65E1CC094A800ED5DDA /* Scene */,
			);
			path = Class;
			sourceTree = "<group>";
		};
		2985F65A1CC094A800ED5DDA /* App */ = {
			isa = PBXGroup;
			children = (
				2985F65B1CC094A800ED5DDA /* AppDelegate.h */,
				2985F65C1CC094A800ED5DDA /* AppDelegate.m */,
			);
			path = App;
			sourceTree = "<group>";
		};
		2985F65D1CC094A800ED5DDA /* Root */ = {
			isa = PBXGroup;
			children = (
				2985F6741CC094C600ED5DDA /* BaseViewController.h */,
				2985F6751CC094C600ED5DDA /* BaseViewController.m */,
				2985F6771CC094FB00ED5DDA /* TabBarController.h */,
				2985F6781CC094FB00ED5DDA /* TabBarController.m */,
			);
			path = Root;
			sourceTree = "<group>";
		};
		2985F65E1CC094A800ED5DDA /* Scene */ = {
			isa = PBXGroup;
			children = (
				2975122D1D13F3B400C8917E /* TreasureList */,
				2975121D1D13F3B400C8917E /* LatestResult */,
				297512291D13F3B400C8917E /* ShowOrders */,
				297512251D13F3B400C8917E /* ShoppingLists */,
				297512211D13F3B400C8917E /* Personal */,
			);
			path = Scene;
			sourceTree = "<group>";
		};
		5C8FEF29D556C2ABE23DAC27 /* Frameworks */ = {
			isa = PBXGroup;
			children = (
				76039A031CC0EC1200F486C8 /* SystemConfiguration.framework */,
				00E94AED93A33FBF44252FC7 /* libPods.a */,
			);
			name = Frameworks;
			sourceTree = "<group>";
		};
		76037CC11CBF8B4F00D72AA7 = {
			isa = PBXGroup;
			children = (
				76037CCC1CBF8B4F00D72AA7 /* Indiana */,
				76037CE61CBF8B4F00D72AA7 /* IndianaTests */,
				76037CF11CBF8B4F00D72AA7 /* IndianaUITests */,
				76037CCB1CBF8B4F00D72AA7 /* Products */,
				772654A24F79612B73DC7331 /* Pods */,
				5C8FEF29D556C2ABE23DAC27 /* Frameworks */,
			);
			sourceTree = "<group>";
		};
		76037CCB1CBF8B4F00D72AA7 /* Products */ = {
			isa = PBXGroup;
			children = (
				76037CCA1CBF8B4F00D72AA7 /* Indiana.app */,
				76037CE31CBF8B4F00D72AA7 /* IndianaTests.xctest */,
				76037CEE1CBF8B4F00D72AA7 /* IndianaUITests.xctest */,
			);
			name = Products;
			sourceTree = "<group>";
		};
		76037CCC1CBF8B4F00D72AA7 /* Indiana */ = {
			isa = PBXGroup;
			children = (
				2985F6591CC094A800ED5DDA /* Class */,
				76037CD91CBF8B4F00D72AA7 /* Assets.xcassets */,
				76037CDB1CBF8B4F00D72AA7 /* LaunchScreen.storyboard */,
				29623E6B1CD0944800DEE393 /* Main.storyboard */,
				76037CDE1CBF8B4F00D72AA7 /* Info.plist */,
				76037CCD1CBF8B4F00D72AA7 /* Supporting Files */,
			);
			path = Indiana;
			sourceTree = "<group>";
		};
		76037CCD1CBF8B4F00D72AA7 /* Supporting Files */ = {
			isa = PBXGroup;
			children = (
				76037CCE1CBF8B4F00D72AA7 /* main.m */,
			);
			name = "Supporting Files";
			sourceTree = "<group>";
		};
		76037CE61CBF8B4F00D72AA7 /* IndianaTests */ = {
			isa = PBXGroup;
			children = (
				76037CE71CBF8B4F00D72AA7 /* IndianaTests.m */,
				76037CE91CBF8B4F00D72AA7 /* Info.plist */,
			);
			path = IndianaTests;
			sourceTree = "<group>";
		};
		76037CF11CBF8B4F00D72AA7 /* IndianaUITests */ = {
			isa = PBXGroup;
			children = (
				76037CF21CBF8B4F00D72AA7 /* IndianaUITests.m */,
				76037CF41CBF8B4F00D72AA7 /* Info.plist */,
			);
			path = IndianaUITests;
			sourceTree = "<group>";
		};
		7613CF0A1CCDFC0900195D22 /* DataSource */ = {
			isa = PBXGroup;
			children = (
				7613CF0B1CCDFC2F00195D22 /* DataService.h */,
				7613CF0C1CCDFC2F00195D22 /* DataService.m */,
			);
			path = DataSource;
			sourceTree = "<group>";
		};
		772654A24F79612B73DC7331 /* Pods */ = {
			isa = PBXGroup;
			children = (
				459905CD53B2FB9E55E4B624 /* Pods.debug.xcconfig */,
				CA116AEA8B6F229310F6F10E /* Pods.release.xcconfig */,
			);
			name = Pods;
			sourceTree = "<group>";
		};
/* End PBXGroup section */

/* Begin PBXNativeTarget section */
		76037CC91CBF8B4F00D72AA7 /* Indiana */ = {
			isa = PBXNativeTarget;
			buildConfigurationList = 76037CF71CBF8B4F00D72AA7 /* Build configuration list for PBXNativeTarget "Indiana" */;
			buildPhases = (
				EBBB1BE415541A080088FA16 /* Check Pods Manifest.lock */,
				76037CC61CBF8B4F00D72AA7 /* Sources */,
				76037CC71CBF8B4F00D72AA7 /* Frameworks */,
				76037CC81CBF8B4F00D72AA7 /* Resources */,
				893FB59136D7D5E8B07CFC67 /* Embed Pods Frameworks */,
				2F29073D0508C47F00C9FFD6 /* Copy Pods Resources */,
			);
			buildRules = (
			);
			dependencies = (
			);
			name = Indiana;
			productName = Indiana;
			productReference = 76037CCA1CBF8B4F00D72AA7 /* Indiana.app */;
			productType = "com.apple.product-type.application";
		};
		76037CE21CBF8B4F00D72AA7 /* IndianaTests */ = {
			isa = PBXNativeTarget;
			buildConfigurationList = 76037CFA1CBF8B4F00D72AA7 /* Build configuration list for PBXNativeTarget "IndianaTests" */;
			buildPhases = (
				76037CDF1CBF8B4F00D72AA7 /* Sources */,
				76037CE01CBF8B4F00D72AA7 /* Frameworks */,
				76037CE11CBF8B4F00D72AA7 /* Resources */,
			);
			buildRules = (
			);
			dependencies = (
				76037CE51CBF8B4F00D72AA7 /* PBXTargetDependency */,
			);
			name = IndianaTests;
			productName = IndianaTests;
			productReference = 76037CE31CBF8B4F00D72AA7 /* IndianaTests.xctest */;
			productType = "com.apple.product-type.bundle.unit-test";
		};
		76037CED1CBF8B4F00D72AA7 /* IndianaUITests */ = {
			isa = PBXNativeTarget;
			buildConfigurationList = 76037CFD1CBF8B4F00D72AA7 /* Build configuration list for PBXNativeTarget "IndianaUITests" */;
			buildPhases = (
				76037CEA1CBF8B4F00D72AA7 /* Sources */,
				76037CEB1CBF8B4F00D72AA7 /* Frameworks */,
				76037CEC1CBF8B4F00D72AA7 /* Resources */,
			);
			buildRules = (
			);
			dependencies = (
				76037CF01CBF8B4F00D72AA7 /* PBXTargetDependency */,
			);
			name = IndianaUITests;
			productName = IndianaUITests;
			productReference = 76037CEE1CBF8B4F00D72AA7 /* IndianaUITests.xctest */;
			productType = "com.apple.product-type.bundle.ui-testing";
		};
/* End PBXNativeTarget section */

/* Begin PBXProject section */
		76037CC21CBF8B4F00D72AA7 /* Project object */ = {
			isa = PBXProject;
			attributes = {
				LastUpgradeCheck = 0720;
				ORGANIZATIONNAME = Tagcare;
				TargetAttributes = {
					76037CC91CBF8B4F00D72AA7 = {
						CreatedOnToolsVersion = 7.2;
						DevelopmentTeam = 6U7UH8838D;
					};
					76037CE21CBF8B4F00D72AA7 = {
						CreatedOnToolsVersion = 7.2;
						TestTargetID = 76037CC91CBF8B4F00D72AA7;
					};
					76037CED1CBF8B4F00D72AA7 = {
						CreatedOnToolsVersion = 7.2;
						TestTargetID = 76037CC91CBF8B4F00D72AA7;
					};
				};
			};
			buildConfigurationList = 76037CC51CBF8B4F00D72AA7 /* Build configuration list for PBXProject "Indiana" */;
			compatibilityVersion = "Xcode 3.2";
			developmentRegion = English;
			hasScannedForEncodings = 0;
			knownRegions = (
				en,
				Base,
			);
			mainGroup = 76037CC11CBF8B4F00D72AA7;
			productRefGroup = 76037CCB1CBF8B4F00D72AA7 /* Products */;
			projectDirPath = "";
			projectRoot = "";
			targets = (
				76037CC91CBF8B4F00D72AA7 /* Indiana */,
				76037CE21CBF8B4F00D72AA7 /* IndianaTests */,
				76037CED1CBF8B4F00D72AA7 /* IndianaUITests */,
			);
		};
/* End PBXProject section */

/* Begin PBXResourcesBuildPhase section */
		76037CC81CBF8B4F00D72AA7 /* Resources */ = {
			isa = PBXResourcesBuildPhase;
			buildActionMask = 2147483647;
			files = (
				29623E6D1CD0944800DEE393 /* Main.storyboard in Resources */,
				76037CDD1CBF8B4F00D72AA7 /* LaunchScreen.storyboard in Resources */,
				76037CDA1CBF8B4F00D72AA7 /* Assets.xcassets in Resources */,
			);
			runOnlyForDeploymentPostprocessing = 0;
		};
		76037CE11CBF8B4F00D72AA7 /* Resources */ = {
			isa = PBXResourcesBuildPhase;
			buildActionMask = 2147483647;
			files = (
			);
			runOnlyForDeploymentPostprocessing = 0;
		};
		76037CEC1CBF8B4F00D72AA7 /* Resources */ = {
			isa = PBXResourcesBuildPhase;
			buildActionMask = 2147483647;
			files = (
			);
			runOnlyForDeploymentPostprocessing = 0;
		};
/* End PBXResourcesBuildPhase section */

/* Begin PBXShellScriptBuildPhase section */
		2F29073D0508C47F00C9FFD6 /* Copy Pods Resources */ = {
			isa = PBXShellScriptBuildPhase;
			buildActionMask = 2147483647;
			files = (
			);
			inputPaths = (
			);
			name = "Copy Pods Resources";
			outputPaths = (
			);
			runOnlyForDeploymentPostprocessing = 0;
			shellPath = /bin/sh;
			shellScript = "\"${SRCROOT}/Pods/Target Support Files/Pods/Pods-resources.sh\"\n";
			showEnvVarsInLog = 0;
		};
		893FB59136D7D5E8B07CFC67 /* Embed Pods Frameworks */ = {
			isa = PBXShellScriptBuildPhase;
			buildActionMask = 2147483647;
			files = (
			);
			inputPaths = (
			);
			name = "Embed Pods Frameworks";
			outputPaths = (
			);
			runOnlyForDeploymentPostprocessing = 0;
			shellPath = /bin/sh;
			shellScript = "\"${SRCROOT}/Pods/Target Support Files/Pods/Pods-frameworks.sh\"\n";
			showEnvVarsInLog = 0;
		};
		EBBB1BE415541A080088FA16 /* Check Pods Manifest.lock */ = {
			isa = PBXShellScriptBuildPhase;
			buildActionMask = 2147483647;
			files = (
			);
			inputPaths = (
			);
			name = "Check Pods Manifest.lock";
			outputPaths = (
			);
			runOnlyForDeploymentPostprocessing = 0;
			shellPath = /bin/sh;
			shellScript = "diff \"${PODS_ROOT}/../Podfile.lock\" \"${PODS_ROOT}/Manifest.lock\" > /dev/null\nif [[ $? != 0 ]] ; then\n    cat << EOM\nerror: The sandbox is not in sync with the Podfile.lock. Run 'pod install' or update your CocoaPods installation.\nEOM\n    exit 1\nfi\n";
			showEnvVarsInLog = 0;
		};
/* End PBXShellScriptBuildPhase section */

/* Begin PBXSourcesBuildPhase section */
		76037CC61CBF8B4F00D72AA7 /* Sources */ = {
			isa = PBXSourcesBuildPhase;
			buildActionMask = 2147483647;
			files = (
				297512331D13F3F800C8917E /* LatestResultViewController.m in Sources */,
				7613CF0D1CCDFC2F00195D22 /* DataService.m in Sources */,
				2975123C1D13F48900C8917E /* ShoppingListsViewController.m in Sources */,
				2985F6761CC094C600ED5DDA /* BaseViewController.m in Sources */,
				2985F6791CC094FB00ED5DDA /* TabBarController.m in Sources */,
				297512391D13F47000C8917E /* ShowOrdersViewController.m in Sources */,
				76037CCF1CBF8B4F00D72AA7 /* main.m in Sources */,
				297512361D13F44A00C8917E /* TreasureListViewController.m in Sources */,
				2975123F1D13F49D00C8917E /* PersonalViewController.m in Sources */,
				2985F66B1CC094A800ED5DDA /* AppDelegate.m in Sources */,
			);
			runOnlyForDeploymentPostprocessing = 0;
		};
		76037CDF1CBF8B4F00D72AA7 /* Sources */ = {
			isa = PBXSourcesBuildPhase;
			buildActionMask = 2147483647;
			files = (
				76037CE81CBF8B4F00D72AA7 /* IndianaTests.m in Sources */,
			);
			runOnlyForDeploymentPostprocessing = 0;
		};
		76037CEA1CBF8B4F00D72AA7 /* Sources */ = {
			isa = PBXSourcesBuildPhase;
			buildActionMask = 2147483647;
			files = (
				76037CF31CBF8B4F00D72AA7 /* IndianaUITests.m in Sources */,
			);
			runOnlyForDeploymentPostprocessing = 0;
		};
/* End PBXSourcesBuildPhase section */

/* Begin PBXTargetDependency section */
		76037CE51CBF8B4F00D72AA7 /* PBXTargetDependency */ = {
			isa = PBXTargetDependency;
			target = 76037CC91CBF8B4F00D72AA7 /* Indiana */;
			targetProxy = 76037CE41CBF8B4F00D72AA7 /* PBXContainerItemProxy */;
		};
		76037CF01CBF8B4F00D72AA7 /* PBXTargetDependency */ = {
			isa = PBXTargetDependency;
			target = 76037CC91CBF8B4F00D72AA7 /* Indiana */;
			targetProxy = 76037CEF1CBF8B4F00D72AA7 /* PBXContainerItemProxy */;
		};
/* End PBXTargetDependency section */

/* Begin PBXVariantGroup section */
		29623E6B1CD0944800DEE393 /* Main.storyboard */ = {
			isa = PBXVariantGroup;
			children = (
				29623E6C1CD0944800DEE393 /* Base */,
			);
			name = Main.storyboard;
			sourceTree = "<group>";
		};
		76037CDB1CBF8B4F00D72AA7 /* LaunchScreen.storyboard */ = {
			isa = PBXVariantGroup;
			children = (
				76037CDC1CBF8B4F00D72AA7 /* Base */,
			);
			name = LaunchScreen.storyboard;
			sourceTree = "<group>";
		};
/* End PBXVariantGroup section */

/* Begin XCBuildConfiguration section */
		76037CF51CBF8B4F00D72AA7 /* Debug */ = {
			isa = XCBuildConfiguration;
			buildSettings = {
				ALWAYS_SEARCH_USER_PATHS = NO;
				CLANG_CXX_LANGUAGE_STANDARD = "gnu++0x";
				CLANG_CXX_LIBRARY = "libc++";
				CLANG_ENABLE_MODULES = YES;
				CLANG_ENABLE_OBJC_ARC = YES;
				CLANG_WARN_BOOL_CONVERSION = YES;
				CLANG_WARN_CONSTANT_CONVERSION = YES;
				CLANG_WARN_DIRECT_OBJC_ISA_USAGE = YES_ERROR;
				CLANG_WARN_EMPTY_BODY = YES;
				CLANG_WARN_ENUM_CONVERSION = YES;
				CLANG_WARN_INT_CONVERSION = YES;
				CLANG_WARN_OBJC_ROOT_CLASS = YES_ERROR;
				CLANG_WARN_UNREACHABLE_CODE = YES;
				CLANG_WARN__DUPLICATE_METHOD_MATCH = YES;
				"CODE_SIGN_IDENTITY[sdk=iphoneos*]" = "iPhone Developer";
				COPY_PHASE_STRIP = NO;
				DEBUG_INFORMATION_FORMAT = dwarf;
				ENABLE_STRICT_OBJC_MSGSEND = YES;
				ENABLE_TESTABILITY = YES;
				GCC_C_LANGUAGE_STANDARD = gnu99;
				GCC_DYNAMIC_NO_PIC = NO;
				GCC_NO_COMMON_BLOCKS = YES;
				GCC_OPTIMIZATION_LEVEL = 0;
				GCC_PREPROCESSOR_DEFINITIONS = (
					"DEBUG=1",
					"$(inherited)",
				);
				GCC_WARN_64_TO_32_BIT_CONVERSION = YES;
				GCC_WARN_ABOUT_RETURN_TYPE = YES_ERROR;
				GCC_WARN_UNDECLARED_SELECTOR = YES;
				GCC_WARN_UNINITIALIZED_AUTOS = YES_AGGRESSIVE;
				GCC_WARN_UNUSED_FUNCTION = YES;
				GCC_WARN_UNUSED_VARIABLE = YES;
				IPHONEOS_DEPLOYMENT_TARGET = 9.2;
				MTL_ENABLE_DEBUG_INFO = YES;
				ONLY_ACTIVE_ARCH = YES;
				SDKROOT = iphoneos;
				TARGETED_DEVICE_FAMILY = "1,2";
			};
			name = Debug;
		};
		76037CF61CBF8B4F00D72AA7 /* Release */ = {
			isa = XCBuildConfiguration;
			buildSettings = {
				ALWAYS_SEARCH_USER_PATHS = NO;
				CLANG_CXX_LANGUAGE_STANDARD = "gnu++0x";
				CLANG_CXX_LIBRARY = "libc++";
				CLANG_ENABLE_MODULES = YES;
				CLANG_ENABLE_OBJC_ARC = YES;
				CLANG_WARN_BOOL_CONVERSION = YES;
				CLANG_WARN_CONSTANT_CONVERSION = YES;
				CLANG_WARN_DIRECT_OBJC_ISA_USAGE = YES_ERROR;
				CLANG_WARN_EMPTY_BODY = YES;
				CLANG_WARN_ENUM_CONVERSION = YES;
				CLANG_WARN_INT_CONVERSION = YES;
				CLANG_WARN_OBJC_ROOT_CLASS = YES_ERROR;
				CLANG_WARN_UNREACHABLE_CODE = YES;
				CLANG_WARN__DUPLICATE_METHOD_MATCH = YES;
				"CODE_SIGN_IDENTITY[sdk=iphoneos*]" = "iPhone Developer";
				COPY_PHASE_STRIP = NO;
				DEBUG_INFORMATION_FORMAT = "dwarf-with-dsym";
				ENABLE_NS_ASSERTIONS = NO;
				ENABLE_STRICT_OBJC_MSGSEND = YES;
				GCC_C_LANGUAGE_STANDARD = gnu99;
				GCC_NO_COMMON_BLOCKS = YES;
				GCC_WARN_64_TO_32_BIT_CONVERSION = YES;
				GCC_WARN_ABOUT_RETURN_TYPE = YES_ERROR;
				GCC_WARN_UNDECLARED_SELECTOR = YES;
				GCC_WARN_UNINITIALIZED_AUTOS = YES_AGGRESSIVE;
				GCC_WARN_UNUSED_FUNCTION = YES;
				GCC_WARN_UNUSED_VARIABLE = YES;
				IPHONEOS_DEPLOYMENT_TARGET = 9.2;
				MTL_ENABLE_DEBUG_INFO = NO;
				SDKROOT = iphoneos;
				TARGETED_DEVICE_FAMILY = "1,2";
				VALIDATE_PRODUCT = YES;
			};
			name = Release;
		};
		76037CF81CBF8B4F00D72AA7 /* Debug */ = {
			isa = XCBuildConfiguration;
			baseConfigurationReference = 459905CD53B2FB9E55E4B624 /* Pods.debug.xcconfig */;
			buildSettings = {
				ASSETCATALOG_COMPILER_APPICON_NAME = AppIcon;
				CODE_SIGN_IDENTITY = "iPhone Developer";
				INFOPLIST_FILE = Indiana/Info.plist;
				IPHONEOS_DEPLOYMENT_TARGET = 8.0;
				LD_RUNPATH_SEARCH_PATHS = "$(inherited) @executable_path/Frameworks";
				PRODUCT_BUNDLE_IDENTIFIER = com.Tagcare.Indiana;
				PRODUCT_NAME = "$(TARGET_NAME)";
				TARGETED_DEVICE_FAMILY = 1;
			};
			name = Debug;
		};
		76037CF91CBF8B4F00D72AA7 /* Release */ = {
			isa = XCBuildConfiguration;
			baseConfigurationReference = CA116AEA8B6F229310F6F10E /* Pods.release.xcconfig */;
			buildSettings = {
				ASSETCATALOG_COMPILER_APPICON_NAME = AppIcon;
				CODE_SIGN_IDENTITY = "iPhone Developer";
				INFOPLIST_FILE = Indiana/Info.plist;
				IPHONEOS_DEPLOYMENT_TARGET = 8.0;
				LD_RUNPATH_SEARCH_PATHS = "$(inherited) @executable_path/Frameworks";
				PRODUCT_BUNDLE_IDENTIFIER = com.Tagcare.Indiana;
				PRODUCT_NAME = "$(TARGET_NAME)";
				TARGETED_DEVICE_FAMILY = 1;
			};
			name = Release;
		};
		76037CFB1CBF8B4F00D72AA7 /* Debug */ = {
			isa = XCBuildConfiguration;
			buildSettings = {
				BUNDLE_LOADER = "$(TEST_HOST)";
				INFOPLIST_FILE = IndianaTests/Info.plist;
				LD_RUNPATH_SEARCH_PATHS = "$(inherited) @executable_path/Frameworks @loader_path/Frameworks";
				PRODUCT_BUNDLE_IDENTIFIER = Tagcare.IndianaTests;
				PRODUCT_NAME = "$(TARGET_NAME)";
				TEST_HOST = "$(BUILT_PRODUCTS_DIR)/Indiana.app/Indiana";
			};
			name = Debug;
		};
		76037CFC1CBF8B4F00D72AA7 /* Release */ = {
			isa = XCBuildConfiguration;
			buildSettings = {
				BUNDLE_LOADER = "$(TEST_HOST)";
				INFOPLIST_FILE = IndianaTests/Info.plist;
				LD_RUNPATH_SEARCH_PATHS = "$(inherited) @executable_path/Frameworks @loader_path/Frameworks";
				PRODUCT_BUNDLE_IDENTIFIER = Tagcare.IndianaTests;
				PRODUCT_NAME = "$(TARGET_NAME)";
				TEST_HOST = "$(BUILT_PRODUCTS_DIR)/Indiana.app/Indiana";
			};
			name = Release;
		};
		76037CFE1CBF8B4F00D72AA7 /* Debug */ = {
			isa = XCBuildConfiguration;
			buildSettings = {
				INFOPLIST_FILE = IndianaUITests/Info.plist;
				LD_RUNPATH_SEARCH_PATHS = "$(inherited) @executable_path/Frameworks @loader_path/Frameworks";
				PRODUCT_BUNDLE_IDENTIFIER = Tagcare.IndianaUITests;
				PRODUCT_NAME = "$(TARGET_NAME)";
				TEST_TARGET_NAME = Indiana;
				USES_XCTRUNNER = YES;
			};
			name = Debug;
		};
		76037CFF1CBF8B4F00D72AA7 /* Release */ = {
			isa = XCBuildConfiguration;
			buildSettings = {
				INFOPLIST_FILE = IndianaUITests/Info.plist;
				LD_RUNPATH_SEARCH_PATHS = "$(inherited) @executable_path/Frameworks @loader_path/Frameworks";
				PRODUCT_BUNDLE_IDENTIFIER = Tagcare.IndianaUITests;
				PRODUCT_NAME = "$(TARGET_NAME)";
				TEST_TARGET_NAME = Indiana;
				USES_XCTRUNNER = YES;
			};
			name = Release;
		};
/* End XCBuildConfiguration section */

/* Begin XCConfigurationList section */
		76037CC51CBF8B4F00D72AA7 /* Build configuration list for PBXProject "Indiana" */ = {
			isa = XCConfigurationList;
			buildConfigurations = (
				76037CF51CBF8B4F00D72AA7 /* Debug */,
				76037CF61CBF8B4F00D72AA7 /* Release */,
			);
			defaultConfigurationIsVisible = 0;
			defaultConfigurationName = Release;
		};
		76037CF71CBF8B4F00D72AA7 /* Build configuration list for PBXNativeTarget "Indiana" */ = {
			isa = XCConfigurationList;
			buildConfigurations = (
				76037CF81CBF8B4F00D72AA7 /* Debug */,
				76037CF91CBF8B4F00D72AA7 /* Release */,
			);
			defaultConfigurationIsVisible = 0;
			defaultConfigurationName = Release;
		};
		76037CFA1CBF8B4F00D72AA7 /* Build configuration list for PBXNativeTarget "IndianaTests" */ = {
			isa = XCConfigurationList;
			buildConfigurations = (
				76037CFB1CBF8B4F00D72AA7 /* Debug */,
				76037CFC1CBF8B4F00D72AA7 /* Release */,
			);
			defaultConfigurationIsVisible = 0;
			defaultConfigurationName = Release;
		};
		76037CFD1CBF8B4F00D72AA7 /* Build configuration list for PBXNativeTarget "IndianaUITests" */ = {
			isa = XCConfigurationList;
			buildConfigurations = (
				76037CFE1CBF8B4F00D72AA7 /* Debug */,
				76037CFF1CBF8B4F00D72AA7 /* Release */,
			);
			defaultConfigurationIsVisible = 0;
			defaultConfigurationName = Release;
		};
/* End XCConfigurationList section */
	};
	rootObject = 76037CC21CBF8B4F00D72AA7 /* Project object */;
}
